// !$*UTF8*$!
{
	archiveVersion = 1;
	classes = {
	};
	objectVersion = 51;
	objects = {

/* Begin PBXBuildFile section */
		2709161627912B3700A0772D /* FriendCoordinator.swift in Sources */ = {isa = PBXBuildFile; fileRef = 2709161527912B3700A0772D /* FriendCoordinator.swift */; };
		2709161927912BBA00A0772D /* FriendListViewController.swift in Sources */ = {isa = PBXBuildFile; fileRef = 2709161827912BBA00A0772D /* FriendListViewController.swift */; };
		2709161C27912CB000A0772D /* FriendEmptyView.swift in Sources */ = {isa = PBXBuildFile; fileRef = 2709161B27912CB000A0772D /* FriendEmptyView.swift */; };
		2709161E27912DA300A0772D /* FriendListViewModel.swift in Sources */ = {isa = PBXBuildFile; fileRef = 2709161D27912DA300A0772D /* FriendListViewModel.swift */; };
		270916202791603D00A0772D /* FriendAPI.swift in Sources */ = {isa = PBXBuildFile; fileRef = 2709161F2791603D00A0772D /* FriendAPI.swift */; };
		2709162227916E6F00A0772D /* FriendRequestView.swift in Sources */ = {isa = PBXBuildFile; fileRef = 2709162127916E6F00A0772D /* FriendRequestView.swift */; };
		270916272791749100A0772D /* FriendRequestViewModel.swift in Sources */ = {isa = PBXBuildFile; fileRef = 270916262791749100A0772D /* FriendRequestViewModel.swift */; };
		2709162927917FA600A0772D /* FriendRepository.swift in Sources */ = {isa = PBXBuildFile; fileRef = 2709162827917FA600A0772D /* FriendRepository.swift */; };
		2709162B2791804200A0772D /* Friend.swift in Sources */ = {isa = PBXBuildFile; fileRef = 2709162A2791804200A0772D /* Friend.swift */; };
		270916342793188E00A0772D /* FriendListViewCell.swift in Sources */ = {isa = PBXBuildFile; fileRef = 270916332793188E00A0772D /* FriendListViewCell.swift */; };
		27091638279803B300A0772D /* FriendSection.swift in Sources */ = {isa = PBXBuildFile; fileRef = 27091637279803B300A0772D /* FriendSection.swift */; };
		272189012782E99500ABEF60 /* BaseRepository.swift in Sources */ = {isa = PBXBuildFile; fileRef = 272189002782E99500ABEF60 /* BaseRepository.swift */; };
		272189032782E9F000ABEF60 /* BaseAPI.swift in Sources */ = {isa = PBXBuildFile; fileRef = 272189022782E9F000ABEF60 /* BaseAPI.swift */; };
		272189052782EA8000ABEF60 /* UserRepository.swift in Sources */ = {isa = PBXBuildFile; fileRef = 272189042782EA8000ABEF60 /* UserRepository.swift */; };
		272189072782EB7500ABEF60 /* UserAPI.swift in Sources */ = {isa = PBXBuildFile; fileRef = 272189062782EB7500ABEF60 /* UserAPI.swift */; };
		27B19D48277BEA44008D85DE /* Color+Extension.swift in Sources */ = {isa = PBXBuildFile; fileRef = 27B19D47277BEA44008D85DE /* Color+Extension.swift */; };
		27F2BE70278FB76D00A0F0A8 /* MainTabBarCoordinator.swift in Sources */ = {isa = PBXBuildFile; fileRef = 27F2BE6F278FB76D00A0F0A8 /* MainTabBarCoordinator.swift */; };
		27F2BE72278FBBEA00A0F0A8 /* HomeCoordinator.swift in Sources */ = {isa = PBXBuildFile; fileRef = 27F2BE71278FBBEA00A0F0A8 /* HomeCoordinator.swift */; };
		27F2BE7627905DC200A0F0A8 /* ImageView+Extension.swift in Sources */ = {isa = PBXBuildFile; fileRef = 27F2BE7527905DC200A0F0A8 /* ImageView+Extension.swift */; };
		33E17F772788937B0084CE1A /* MenuViewModel.swift in Sources */ = {isa = PBXBuildFile; fileRef = 33E17F762788937B0084CE1A /* MenuViewModel.swift */; };
		9FCA44B726A864D2340FA173 /* Pods_smooth_ios.framework in Frameworks */ = {isa = PBXBuildFile; fileRef = 31E96B6335775CCA2B902089 /* Pods_smooth_ios.framework */; };
		C102413B279C602200B702DB /* AlertController+Rx.swift in Sources */ = {isa = PBXBuildFile; fileRef = C102413A279C602200B702DB /* AlertController+Rx.swift */; };
		C102413D279CF7BC00B702DB /* FriendListView.swift in Sources */ = {isa = PBXBuildFile; fileRef = C102413C279CF7BC00B702DB /* FriendListView.swift */; };
		C1024146279DA7FB00B702DB /* ServerAPI.swift in Sources */ = {isa = PBXBuildFile; fileRef = C1024145279DA7FB00B702DB /* ServerAPI.swift */; };
		C1024148279DA8C300B702DB /* ServerRepository.swift in Sources */ = {isa = PBXBuildFile; fileRef = C1024147279DA8C300B702DB /* ServerRepository.swift */; };
		C102414A279DAA5700B702DB /* Channel.swift in Sources */ = {isa = PBXBuildFile; fileRef = C1024149279DAA5700B702DB /* Channel.swift */; };
		C102414E279DADAE00B702DB /* ChannelSection.swift in Sources */ = {isa = PBXBuildFile; fileRef = C102414D279DADAE00B702DB /* ChannelSection.swift */; };
		C1024152279E346000B702DB /* MenuView.swift in Sources */ = {isa = PBXBuildFile; fileRef = C1024151279E346000B702DB /* MenuView.swift */; };
		C1024156279E482100B702DB /* ServerView.swift in Sources */ = {isa = PBXBuildFile; fileRef = C1024155279E482100B702DB /* ServerView.swift */; };
		C1024158279E4B3B00B702DB /* ChannelView.swift in Sources */ = {isa = PBXBuildFile; fileRef = C1024157279E4B3B00B702DB /* ChannelView.swift */; };
		C102415C279EA2EB00B702DB /* Community.swift in Sources */ = {isa = PBXBuildFile; fileRef = C102415B279EA2EB00B702DB /* Community.swift */; };
		C102415E279F17E700B702DB /* ServerSection.swift in Sources */ = {isa = PBXBuildFile; fileRef = C102415D279F17E700B702DB /* ServerSection.swift */; };
		C1024162279F26B000B702DB /* ServerButtonCell.swift in Sources */ = {isa = PBXBuildFile; fileRef = C1024161279F26B000B702DB /* ServerButtonCell.swift */; };
		C1024165279F915900B702DB /* AddServerViewController.swift in Sources */ = {isa = PBXBuildFile; fileRef = C1024164279F915900B702DB /* AddServerViewController.swift */; };
		C1024167279F919400B702DB /* AddServerView.swift in Sources */ = {isa = PBXBuildFile; fileRef = C1024166279F919400B702DB /* AddServerView.swift */; };
		C1024169279F91A600B702DB /* AddServerViewModel.swift in Sources */ = {isa = PBXBuildFile; fileRef = C1024168279F91A600B702DB /* AddServerViewModel.swift */; };
		C102416B279FBAE400B702DB /* JoinServerViewController.swift in Sources */ = {isa = PBXBuildFile; fileRef = C102416A279FBAE400B702DB /* JoinServerViewController.swift */; };
		C102416D279FBBA100B702DB /* JoinServerView.swift in Sources */ = {isa = PBXBuildFile; fileRef = C102416C279FBBA100B702DB /* JoinServerView.swift */; };
		C102416F279FBF8D00B702DB /* AddServerCoordinator.swift in Sources */ = {isa = PBXBuildFile; fileRef = C102416E279FBF8D00B702DB /* AddServerCoordinator.swift */; };
		C1024172279FEA2100B702DB /* MakeServerViewController.swift in Sources */ = {isa = PBXBuildFile; fileRef = C1024171279FEA2100B702DB /* MakeServerViewController.swift */; };
		C1024175279FEA4200B702DB /* MakeServerViewModel.swift in Sources */ = {isa = PBXBuildFile; fileRef = C1024174279FEA4200B702DB /* MakeServerViewModel.swift */; };
		C1024177279FEB3F00B702DB /* MakeServerView.swift in Sources */ = {isa = PBXBuildFile; fileRef = C1024176279FEB3F00B702DB /* MakeServerView.swift */; };
		C102417927A0041D00B702DB /* RegisterServerViewController.swift in Sources */ = {isa = PBXBuildFile; fileRef = C102417827A0041D00B702DB /* RegisterServerViewController.swift */; };
		C102417C27A0050B00B702DB /* RegisterServerView.swift in Sources */ = {isa = PBXBuildFile; fileRef = C102417B27A0050B00B702DB /* RegisterServerView.swift */; };
		C102417E27A005E300B702DB /* RegisterIconViewModel.swift in Sources */ = {isa = PBXBuildFile; fileRef = C102417D27A005E300B702DB /* RegisterIconViewModel.swift */; };
		C118D2BE27A6AE39009CB96C /* ServerSettingCoordinator.swift in Sources */ = {isa = PBXBuildFile; fileRef = C118D2BD27A6AE39009CB96C /* ServerSettingCoordinator.swift */; };
		C118D2C027A6B232009CB96C /* ServerSettingCell.swift in Sources */ = {isa = PBXBuildFile; fileRef = C118D2BF27A6B232009CB96C /* ServerSettingCell.swift */; };
		C118D2C427A6BA5D009CB96C /* ServerSettingHeaderCell.swift in Sources */ = {isa = PBXBuildFile; fileRef = C118D2C327A6BA5D009CB96C /* ServerSettingHeaderCell.swift */; };
		C118D2C827A6D6E3009CB96C /* ServerInviteListView.swift in Sources */ = {isa = PBXBuildFile; fileRef = C118D2C727A6D6E3009CB96C /* ServerInviteListView.swift */; };
		C118D2CA27A6D70B009CB96C /* ServerInviteListViewModel.swift in Sources */ = {isa = PBXBuildFile; fileRef = C118D2C927A6D70B009CB96C /* ServerInviteListViewModel.swift */; };
		C118D2CC27A6D716009CB96C /* ServerInviteListViewController.swift in Sources */ = {isa = PBXBuildFile; fileRef = C118D2CB27A6D716009CB96C /* ServerInviteListViewController.swift */; };
		C118D2CE27A6DDF9009CB96C /* Invitation.swift in Sources */ = {isa = PBXBuildFile; fileRef = C118D2CD27A6DDF9009CB96C /* Invitation.swift */; };
		C118D2D027A6EB7E009CB96C /* ServerInviteCell.swift in Sources */ = {isa = PBXBuildFile; fileRef = C118D2CF27A6EB7E009CB96C /* ServerInviteCell.swift */; };
		C118D2D227A70062009CB96C /* ServerInviteEmptyView.swift in Sources */ = {isa = PBXBuildFile; fileRef = C118D2D127A70062009CB96C /* ServerInviteEmptyView.swift */; };
		C118D2D527A771FE009CB96C /* MakeChannelView.swift in Sources */ = {isa = PBXBuildFile; fileRef = C118D2D427A771FE009CB96C /* MakeChannelView.swift */; };
		C118D2D727A77219009CB96C /* MakeChannelViewController.swift in Sources */ = {isa = PBXBuildFile; fileRef = C118D2D627A77219009CB96C /* MakeChannelViewController.swift */; };
		C118D2D927A77222009CB96C /* MakeChannelViewModel.swift in Sources */ = {isa = PBXBuildFile; fileRef = C118D2D827A77222009CB96C /* MakeChannelViewModel.swift */; };
		C118D2DB27A77291009CB96C /* ChannelAPI.swift in Sources */ = {isa = PBXBuildFile; fileRef = C118D2DA27A77291009CB96C /* ChannelAPI.swift */; };
		C118D2DD27A7729E009CB96C /* ChannelRepository.swift in Sources */ = {isa = PBXBuildFile; fileRef = C118D2DC27A7729E009CB96C /* ChannelRepository.swift */; };
		C118D2DF27A789A0009CB96C /* CategoryAPI.swift in Sources */ = {isa = PBXBuildFile; fileRef = C118D2DE27A789A0009CB96C /* CategoryAPI.swift */; };
		C118D2E127A78A9F009CB96C /* Category.swift in Sources */ = {isa = PBXBuildFile; fileRef = C118D2E027A78A9F009CB96C /* Category.swift */; };
		C118D2E327A78BCE009CB96C /* CategoryRepository.swift in Sources */ = {isa = PBXBuildFile; fileRef = C118D2E227A78BCE009CB96C /* CategoryRepository.swift */; };
		C118D2E527A78D40009CB96C /* MakeCategoryView.swift in Sources */ = {isa = PBXBuildFile; fileRef = C118D2E427A78D40009CB96C /* MakeCategoryView.swift */; };
		C118D2E827A78D61009CB96C /* MakeCategoryViewController.swift in Sources */ = {isa = PBXBuildFile; fileRef = C118D2E727A78D61009CB96C /* MakeCategoryViewController.swift */; };
		C118D2EA27A78D70009CB96C /* MakeCategoryViewModel.swift in Sources */ = {isa = PBXBuildFile; fileRef = C118D2E927A78D70009CB96C /* MakeCategoryViewModel.swift */; };
		C118D2F127A7B61A009CB96C /* ChannelCategoryCell.swift in Sources */ = {isa = PBXBuildFile; fileRef = C118D2F027A7B61A009CB96C /* ChannelCategoryCell.swift */; };
		C1244F7627A61A5C00BEC173 /* ServerInfoCell.swift in Sources */ = {isa = PBXBuildFile; fileRef = C1244F7527A61A5C00BEC173 /* ServerInfoCell.swift */; };
		C1244F7827A624FC00BEC173 /* AlertUtils.swift in Sources */ = {isa = PBXBuildFile; fileRef = C1244F7727A624FC00BEC173 /* AlertUtils.swift */; };
		C1244F8027A63D4000BEC173 /* Member.swift in Sources */ = {isa = PBXBuildFile; fileRef = C1244F7F27A63D4000BEC173 /* Member.swift */; };
		C1244F8227A64AD200BEC173 /* EditServerInfoView.swift in Sources */ = {isa = PBXBuildFile; fileRef = C1244F8127A64AD200BEC173 /* EditServerInfoView.swift */; };
		C1244F8527A64B0800BEC173 /* EditServerInfoViewController.swift in Sources */ = {isa = PBXBuildFile; fileRef = C1244F8427A64B0800BEC173 /* EditServerInfoViewController.swift */; };
		C1244F8727A64B2100BEC173 /* EditServerInfoViewModel.swift in Sources */ = {isa = PBXBuildFile; fileRef = C1244F8627A64B2100BEC173 /* EditServerInfoViewModel.swift */; };
		C15A22C2279A33E00009095E /* FriendRequestViewController.swift in Sources */ = {isa = PBXBuildFile; fileRef = C15A22C1279A33E00009095E /* FriendRequestViewController.swift */; };
		C15A22C4279A37230009095E /* Image+Extension.swift in Sources */ = {isa = PBXBuildFile; fileRef = C15A22C3279A37230009095E /* Image+Extension.swift */; };
		C176604E279A639E0062D0CB /* FriendInfoView.swift in Sources */ = {isa = PBXBuildFile; fileRef = C176604D279A639E0062D0CB /* FriendInfoView.swift */; };
		C1766051279A754C0062D0CB /* FriendInfoViewController.swift in Sources */ = {isa = PBXBuildFile; fileRef = C1766050279A754C0062D0CB /* FriendInfoViewController.swift */; };
		C1766053279A75900062D0CB /* FriendInfoViewModel.swift in Sources */ = {isa = PBXBuildFile; fileRef = C1766052279A75900062D0CB /* FriendInfoViewModel.swift */; };
		C1786DF427A2390100170D4F /* Data+Extension.swift in Sources */ = {isa = PBXBuildFile; fileRef = C1786DF327A2390100170D4F /* Data+Extension.swift */; };
		C1786DF627A2622900170D4F /* InviteServerViewController.swift in Sources */ = {isa = PBXBuildFile; fileRef = C1786DF527A2622900170D4F /* InviteServerViewController.swift */; };
		C1786DF827A2624E00170D4F /* InviteServerView.swift in Sources */ = {isa = PBXBuildFile; fileRef = C1786DF727A2624E00170D4F /* InviteServerView.swift */; };
		C1786DFA27A2625600170D4F /* InviteServerViewModel.swift in Sources */ = {isa = PBXBuildFile; fileRef = C1786DF927A2625600170D4F /* InviteServerViewModel.swift */; };
		C1786DFD27A27CDB00170D4F /* InviteFriendListCell.swift in Sources */ = {isa = PBXBuildFile; fileRef = C1786DFC27A27CDB00170D4F /* InviteFriendListCell.swift */; };
		C1786DFF27A27FAA00170D4F /* BaseTableViewCell.swift in Sources */ = {isa = PBXBuildFile; fileRef = C1786DFE27A27FAA00170D4F /* BaseTableViewCell.swift */; };
		C1786E0127A2D3ED00170D4F /* JoinServerViewModel.swift in Sources */ = {isa = PBXBuildFile; fileRef = C1786E0027A2D3ED00170D4F /* JoinServerViewModel.swift */; };
		C1AA6AF927A40312003A32A4 /* ServerInfoView.swift in Sources */ = {isa = PBXBuildFile; fileRef = C1AA6AF827A40312003A32A4 /* ServerInfoView.swift */; };
		C1AA6AFB27A4031F003A32A4 /* ServerInfoViewController.swift in Sources */ = {isa = PBXBuildFile; fileRef = C1AA6AFA27A4031F003A32A4 /* ServerInfoViewController.swift */; };
		C1AA6AFD27A4032B003A32A4 /* ServerInfoViewModel.swift in Sources */ = {isa = PBXBuildFile; fileRef = C1AA6AFC27A4032B003A32A4 /* ServerInfoViewModel.swift */; };
		C1B63F5827A104F900382BF6 /* ImagePickerController+Rx.swift in Sources */ = {isa = PBXBuildFile; fileRef = C1B63F5727A104F900382BF6 /* ImagePickerController+Rx.swift */; };
		C1C44F1C27A6A02A00A408A4 /* ServerSettingView.swift in Sources */ = {isa = PBXBuildFile; fileRef = C1C44F1B27A6A02A00A408A4 /* ServerSettingView.swift */; };
		C1C44F1F27A6A05900A408A4 /* ServerSettingViewController.swift in Sources */ = {isa = PBXBuildFile; fileRef = C1C44F1E27A6A05900A408A4 /* ServerSettingViewController.swift */; };
		C1C44F2127A6A06200A408A4 /* ServerSettingViewModel.swift in Sources */ = {isa = PBXBuildFile; fileRef = C1C44F2027A6A06200A408A4 /* ServerSettingViewModel.swift */; };
		C1D47EC32779570000DBA3CA /* AppDelegate.swift in Sources */ = {isa = PBXBuildFile; fileRef = C1D47EC22779570000DBA3CA /* AppDelegate.swift */; };
		C1D47ECC2779570200DBA3CA /* Assets.xcassets in Resources */ = {isa = PBXBuildFile; fileRef = C1D47ECB2779570200DBA3CA /* Assets.xcassets */; };
		C1D47ECF2779570200DBA3CA /* LaunchScreen.storyboard in Resources */ = {isa = PBXBuildFile; fileRef = C1D47ECD2779570200DBA3CA /* LaunchScreen.storyboard */; };
		C1D47ED8277959AA00DBA3CA /* Coordinator.swift in Sources */ = {isa = PBXBuildFile; fileRef = C1D47ED7277959AA00DBA3CA /* Coordinator.swift */; };
		C1D47EDA277959BA00DBA3CA /* MainCoordinator.swift in Sources */ = {isa = PBXBuildFile; fileRef = C1D47ED9277959BA00DBA3CA /* MainCoordinator.swift */; };
		C1D47EDD27795A6A00DBA3CA /* SplashViewController.swift in Sources */ = {isa = PBXBuildFile; fileRef = C1D47EDC27795A6A00DBA3CA /* SplashViewController.swift */; };
		C1D47EDF27795A9200DBA3CA /* SplashView.swift in Sources */ = {isa = PBXBuildFile; fileRef = C1D47EDE27795A9200DBA3CA /* SplashView.swift */; };
		C1D47EE127795AA800DBA3CA /* SplashViewModel.swift in Sources */ = {isa = PBXBuildFile; fileRef = C1D47EE027795AA800DBA3CA /* SplashViewModel.swift */; };
		C1D47EE527795C9600DBA3CA /* SignInViewController.swift in Sources */ = {isa = PBXBuildFile; fileRef = C1D47EE427795C9600DBA3CA /* SignInViewController.swift */; };
		C1D47EE727795CAD00DBA3CA /* SignInView.swift in Sources */ = {isa = PBXBuildFile; fileRef = C1D47EE627795CAD00DBA3CA /* SignInView.swift */; };
		C1D47EE927795CCB00DBA3CA /* SignInViewModel.swift in Sources */ = {isa = PBXBuildFile; fileRef = C1D47EE827795CCB00DBA3CA /* SignInViewModel.swift */; };
		C1D47EEC27795D0900DBA3CA /* BaseViewController.swift in Sources */ = {isa = PBXBuildFile; fileRef = C1D47EEB27795D0900DBA3CA /* BaseViewController.swift */; };
		C1D47EEE27795D1300DBA3CA /* BaseView.swift in Sources */ = {isa = PBXBuildFile; fileRef = C1D47EED27795D1300DBA3CA /* BaseView.swift */; };
		C1D47EF027795D1E00DBA3CA /* BaseViewModel.swift in Sources */ = {isa = PBXBuildFile; fileRef = C1D47EEF27795D1E00DBA3CA /* BaseViewModel.swift */; };
		C1D47EF527795D7E00DBA3CA /* UserDefaultsUtil.swift in Sources */ = {isa = PBXBuildFile; fileRef = C1D47EF427795D7E00DBA3CA /* UserDefaultsUtil.swift */; };
		C1D47EFB27795E1000DBA3CA /* SignIn.swift in Sources */ = {isa = PBXBuildFile; fileRef = C1D47EFA27795E1000DBA3CA /* SignIn.swift */; };
		C1D47EFD27795E2400DBA3CA /* User.swift in Sources */ = {isa = PBXBuildFile; fileRef = C1D47EFC27795E2300DBA3CA /* User.swift */; };
		C1D47EFF27795E3400DBA3CA /* Signup.swift in Sources */ = {isa = PBXBuildFile; fileRef = C1D47EFE27795E3400DBA3CA /* Signup.swift */; };
		C1D47F0427795ED100DBA3CA /* HomeViewController.swift in Sources */ = {isa = PBXBuildFile; fileRef = C1D47F0327795ED100DBA3CA /* HomeViewController.swift */; };
		C1D47F0E2779D66300DBA3CA /* MenuViewController.swift in Sources */ = {isa = PBXBuildFile; fileRef = C1D47F0D2779D66300DBA3CA /* MenuViewController.swift */; };
		C1D47F112779D6FD00DBA3CA /* ContainerViewController.swift in Sources */ = {isa = PBXBuildFile; fileRef = C1D47F102779D6FD00DBA3CA /* ContainerViewController.swift */; };
		C1D47F13277A0BCE00DBA3CA /* ServerViewController.swift in Sources */ = {isa = PBXBuildFile; fileRef = C1D47F12277A0BCE00DBA3CA /* ServerViewController.swift */; };
		C1D47F15277ACD2800DBA3CA /* Server.swift in Sources */ = {isa = PBXBuildFile; fileRef = C1D47F14277ACD2800DBA3CA /* Server.swift */; };
		C1D47F2427833DB800DBA3CA /* BaseResponse.swift in Sources */ = {isa = PBXBuildFile; fileRef = C1D47F2327833DB800DBA3CA /* BaseResponse.swift */; };
		C1D47F262783CA0C00DBA3CA /* NetworkLoggerPlugin.swift in Sources */ = {isa = PBXBuildFile; fileRef = C1D47F252783CA0C00DBA3CA /* NetworkLoggerPlugin.swift */; };
		C1D47F2F2784220800DBA3CA /* Font+Extension.swift in Sources */ = {isa = PBXBuildFile; fileRef = C1D47F2E2784220800DBA3CA /* Font+Extension.swift */; };
		C1D47F31278433CF00DBA3CA /* ABCGintoNord-Black-Trial.otf in Resources */ = {isa = PBXBuildFile; fileRef = C1D47F30278433CF00DBA3CA /* ABCGintoNord-Black-Trial.otf */; };
		C1D47F332784351800DBA3CA /* ABCGintoNord-Medium-Trial.otf in Resources */ = {isa = PBXBuildFile; fileRef = C1D47F322784351800DBA3CA /* ABCGintoNord-Medium-Trial.otf */; };
		C1D47F352784488200DBA3CA /* CustomComponent.swift in Sources */ = {isa = PBXBuildFile; fileRef = C1D47F342784488200DBA3CA /* CustomComponent.swift */; };
		C1D47F382784749200DBA3CA /* SignUpView.swift in Sources */ = {isa = PBXBuildFile; fileRef = C1D47F372784749200DBA3CA /* SignUpView.swift */; };
		C1D47F3A2784749C00DBA3CA /* SignUpViewModel.swift in Sources */ = {isa = PBXBuildFile; fileRef = C1D47F392784749C00DBA3CA /* SignUpViewModel.swift */; };
		C1D47F3C278474AA00DBA3CA /* SignUpViewController.swift in Sources */ = {isa = PBXBuildFile; fileRef = C1D47F3B278474AA00DBA3CA /* SignUpViewController.swift */; };
		C1D47F3E278485F200DBA3CA /* SignUpInfoView.swift in Sources */ = {isa = PBXBuildFile; fileRef = C1D47F3D278485F200DBA3CA /* SignUpInfoView.swift */; };
		C1D47F412784860D00DBA3CA /* SignUpInfoViewController.swift in Sources */ = {isa = PBXBuildFile; fileRef = C1D47F402784860D00DBA3CA /* SignUpInfoViewController.swift */; };
		C1D47F432785DA4900DBA3CA /* SignUpInfoViewModel.swift in Sources */ = {isa = PBXBuildFile; fileRef = C1D47F422785DA4900DBA3CA /* SignUpInfoViewModel.swift */; };
		C1D47F462785DCE200DBA3CA /* VerifyCodeView.swift in Sources */ = {isa = PBXBuildFile; fileRef = C1D47F452785DCE200DBA3CA /* VerifyCodeView.swift */; };
		C1D47F482785DCEC00DBA3CA /* VerifyCodeViewController.swift in Sources */ = {isa = PBXBuildFile; fileRef = C1D47F472785DCEC00DBA3CA /* VerifyCodeViewController.swift */; };
		C1D47F4A2785DCF700DBA3CA /* VerifyCodeViewModel.swift in Sources */ = {isa = PBXBuildFile; fileRef = C1D47F492785DCF700DBA3CA /* VerifyCodeViewModel.swift */; };
		C1D47F52278B0F4900DBA3CA /* ChannalCell.swift in Sources */ = {isa = PBXBuildFile; fileRef = C1D47F51278B0F4900DBA3CA /* ChannalCell.swift */; };
		C1D47F54278B0F5D00DBA3CA /* ServerCell.swift in Sources */ = {isa = PBXBuildFile; fileRef = C1D47F53278B0F5D00DBA3CA /* ServerCell.swift */; };
/* End PBXBuildFile section */

/* Begin PBXFileReference section */
		045D0D1A018DCBDCD55630C0 /* Pods-smooth-ios.release.xcconfig */ = {isa = PBXFileReference; includeInIndex = 1; lastKnownFileType = text.xcconfig; name = "Pods-smooth-ios.release.xcconfig"; path = "Target Support Files/Pods-smooth-ios/Pods-smooth-ios.release.xcconfig"; sourceTree = "<group>"; };
		2709161527912B3700A0772D /* FriendCoordinator.swift */ = {isa = PBXFileReference; lastKnownFileType = sourcecode.swift; path = FriendCoordinator.swift; sourceTree = "<group>"; };
		2709161827912BBA00A0772D /* FriendListViewController.swift */ = {isa = PBXFileReference; lastKnownFileType = sourcecode.swift; path = FriendListViewController.swift; sourceTree = "<group>"; };
		2709161B27912CB000A0772D /* FriendEmptyView.swift */ = {isa = PBXFileReference; lastKnownFileType = sourcecode.swift; path = FriendEmptyView.swift; sourceTree = "<group>"; };
		2709161D27912DA300A0772D /* FriendListViewModel.swift */ = {isa = PBXFileReference; lastKnownFileType = sourcecode.swift; path = FriendListViewModel.swift; sourceTree = "<group>"; };
		2709161F2791603D00A0772D /* FriendAPI.swift */ = {isa = PBXFileReference; lastKnownFileType = sourcecode.swift; path = FriendAPI.swift; sourceTree = "<group>"; };
		2709162127916E6F00A0772D /* FriendRequestView.swift */ = {isa = PBXFileReference; lastKnownFileType = sourcecode.swift; path = FriendRequestView.swift; sourceTree = "<group>"; };
		270916262791749100A0772D /* FriendRequestViewModel.swift */ = {isa = PBXFileReference; lastKnownFileType = sourcecode.swift; path = FriendRequestViewModel.swift; sourceTree = "<group>"; };
		2709162827917FA600A0772D /* FriendRepository.swift */ = {isa = PBXFileReference; lastKnownFileType = sourcecode.swift; path = FriendRepository.swift; sourceTree = "<group>"; };
		2709162A2791804200A0772D /* Friend.swift */ = {isa = PBXFileReference; lastKnownFileType = sourcecode.swift; path = Friend.swift; sourceTree = "<group>"; };
		270916332793188E00A0772D /* FriendListViewCell.swift */ = {isa = PBXFileReference; lastKnownFileType = sourcecode.swift; path = FriendListViewCell.swift; sourceTree = "<group>"; };
		27091637279803B300A0772D /* FriendSection.swift */ = {isa = PBXFileReference; lastKnownFileType = sourcecode.swift; path = FriendSection.swift; sourceTree = "<group>"; };
		272189002782E99500ABEF60 /* BaseRepository.swift */ = {isa = PBXFileReference; lastKnownFileType = sourcecode.swift; path = BaseRepository.swift; sourceTree = "<group>"; };
		272189022782E9F000ABEF60 /* BaseAPI.swift */ = {isa = PBXFileReference; lastKnownFileType = sourcecode.swift; path = BaseAPI.swift; sourceTree = "<group>"; };
		272189042782EA8000ABEF60 /* UserRepository.swift */ = {isa = PBXFileReference; lastKnownFileType = sourcecode.swift; path = UserRepository.swift; sourceTree = "<group>"; };
		272189062782EB7500ABEF60 /* UserAPI.swift */ = {isa = PBXFileReference; lastKnownFileType = sourcecode.swift; path = UserAPI.swift; sourceTree = "<group>"; };
		27B19D47277BEA44008D85DE /* Color+Extension.swift */ = {isa = PBXFileReference; lastKnownFileType = sourcecode.swift; path = "Color+Extension.swift"; sourceTree = "<group>"; };
		27F2BE6F278FB76D00A0F0A8 /* MainTabBarCoordinator.swift */ = {isa = PBXFileReference; lastKnownFileType = sourcecode.swift; path = MainTabBarCoordinator.swift; sourceTree = "<group>"; };
		27F2BE71278FBBEA00A0F0A8 /* HomeCoordinator.swift */ = {isa = PBXFileReference; lastKnownFileType = sourcecode.swift; path = HomeCoordinator.swift; sourceTree = "<group>"; };
		27F2BE7527905DC200A0F0A8 /* ImageView+Extension.swift */ = {isa = PBXFileReference; lastKnownFileType = sourcecode.swift; path = "ImageView+Extension.swift"; sourceTree = "<group>"; };
		31E96B6335775CCA2B902089 /* Pods_smooth_ios.framework */ = {isa = PBXFileReference; explicitFileType = wrapper.framework; includeInIndex = 0; path = Pods_smooth_ios.framework; sourceTree = BUILT_PRODUCTS_DIR; };
		33E17F762788937B0084CE1A /* MenuViewModel.swift */ = {isa = PBXFileReference; lastKnownFileType = sourcecode.swift; path = MenuViewModel.swift; sourceTree = "<group>"; };
		C102413A279C602200B702DB /* AlertController+Rx.swift */ = {isa = PBXFileReference; lastKnownFileType = sourcecode.swift; path = "AlertController+Rx.swift"; sourceTree = "<group>"; };
		C102413C279CF7BC00B702DB /* FriendListView.swift */ = {isa = PBXFileReference; lastKnownFileType = sourcecode.swift; path = FriendListView.swift; sourceTree = "<group>"; };
		C1024145279DA7FB00B702DB /* ServerAPI.swift */ = {isa = PBXFileReference; lastKnownFileType = sourcecode.swift; path = ServerAPI.swift; sourceTree = "<group>"; };
		C1024147279DA8C300B702DB /* ServerRepository.swift */ = {isa = PBXFileReference; lastKnownFileType = sourcecode.swift; path = ServerRepository.swift; sourceTree = "<group>"; };
		C1024149279DAA5700B702DB /* Channel.swift */ = {isa = PBXFileReference; lastKnownFileType = sourcecode.swift; path = Channel.swift; sourceTree = "<group>"; };
		C102414D279DADAE00B702DB /* ChannelSection.swift */ = {isa = PBXFileReference; lastKnownFileType = sourcecode.swift; path = ChannelSection.swift; sourceTree = "<group>"; };
		C1024151279E346000B702DB /* MenuView.swift */ = {isa = PBXFileReference; lastKnownFileType = sourcecode.swift; path = MenuView.swift; sourceTree = "<group>"; };
		C1024155279E482100B702DB /* ServerView.swift */ = {isa = PBXFileReference; lastKnownFileType = sourcecode.swift; path = ServerView.swift; sourceTree = "<group>"; };
		C1024157279E4B3B00B702DB /* ChannelView.swift */ = {isa = PBXFileReference; lastKnownFileType = sourcecode.swift; path = ChannelView.swift; sourceTree = "<group>"; };
		C102415B279EA2EB00B702DB /* Community.swift */ = {isa = PBXFileReference; lastKnownFileType = sourcecode.swift; path = Community.swift; sourceTree = "<group>"; };
		C102415D279F17E700B702DB /* ServerSection.swift */ = {isa = PBXFileReference; lastKnownFileType = sourcecode.swift; path = ServerSection.swift; sourceTree = "<group>"; };
		C1024161279F26B000B702DB /* ServerButtonCell.swift */ = {isa = PBXFileReference; lastKnownFileType = sourcecode.swift; path = ServerButtonCell.swift; sourceTree = "<group>"; };
		C1024164279F915900B702DB /* AddServerViewController.swift */ = {isa = PBXFileReference; lastKnownFileType = sourcecode.swift; path = AddServerViewController.swift; sourceTree = "<group>"; };
		C1024166279F919400B702DB /* AddServerView.swift */ = {isa = PBXFileReference; lastKnownFileType = sourcecode.swift; path = AddServerView.swift; sourceTree = "<group>"; };
		C1024168279F91A600B702DB /* AddServerViewModel.swift */ = {isa = PBXFileReference; lastKnownFileType = sourcecode.swift; path = AddServerViewModel.swift; sourceTree = "<group>"; };
		C102416A279FBAE400B702DB /* JoinServerViewController.swift */ = {isa = PBXFileReference; lastKnownFileType = sourcecode.swift; path = JoinServerViewController.swift; sourceTree = "<group>"; };
		C102416C279FBBA100B702DB /* JoinServerView.swift */ = {isa = PBXFileReference; lastKnownFileType = sourcecode.swift; path = JoinServerView.swift; sourceTree = "<group>"; };
		C102416E279FBF8D00B702DB /* AddServerCoordinator.swift */ = {isa = PBXFileReference; lastKnownFileType = sourcecode.swift; path = AddServerCoordinator.swift; sourceTree = "<group>"; };
		C1024171279FEA2100B702DB /* MakeServerViewController.swift */ = {isa = PBXFileReference; lastKnownFileType = sourcecode.swift; path = MakeServerViewController.swift; sourceTree = "<group>"; };
		C1024174279FEA4200B702DB /* MakeServerViewModel.swift */ = {isa = PBXFileReference; lastKnownFileType = sourcecode.swift; path = MakeServerViewModel.swift; sourceTree = "<group>"; };
		C1024176279FEB3F00B702DB /* MakeServerView.swift */ = {isa = PBXFileReference; lastKnownFileType = sourcecode.swift; path = MakeServerView.swift; sourceTree = "<group>"; };
		C102417827A0041D00B702DB /* RegisterServerViewController.swift */ = {isa = PBXFileReference; lastKnownFileType = sourcecode.swift; path = RegisterServerViewController.swift; sourceTree = "<group>"; };
		C102417B27A0050B00B702DB /* RegisterServerView.swift */ = {isa = PBXFileReference; lastKnownFileType = sourcecode.swift; path = RegisterServerView.swift; sourceTree = "<group>"; };
		C102417D27A005E300B702DB /* RegisterIconViewModel.swift */ = {isa = PBXFileReference; lastKnownFileType = sourcecode.swift; path = RegisterIconViewModel.swift; sourceTree = "<group>"; };
		C118D2BD27A6AE39009CB96C /* ServerSettingCoordinator.swift */ = {isa = PBXFileReference; lastKnownFileType = sourcecode.swift; path = ServerSettingCoordinator.swift; sourceTree = "<group>"; };
		C118D2BF27A6B232009CB96C /* ServerSettingCell.swift */ = {isa = PBXFileReference; lastKnownFileType = sourcecode.swift; path = ServerSettingCell.swift; sourceTree = "<group>"; };
		C118D2C327A6BA5D009CB96C /* ServerSettingHeaderCell.swift */ = {isa = PBXFileReference; lastKnownFileType = sourcecode.swift; path = ServerSettingHeaderCell.swift; sourceTree = "<group>"; };
		C118D2C727A6D6E3009CB96C /* ServerInviteListView.swift */ = {isa = PBXFileReference; lastKnownFileType = sourcecode.swift; path = ServerInviteListView.swift; sourceTree = "<group>"; };
		C118D2C927A6D70B009CB96C /* ServerInviteListViewModel.swift */ = {isa = PBXFileReference; lastKnownFileType = sourcecode.swift; path = ServerInviteListViewModel.swift; sourceTree = "<group>"; };
		C118D2CB27A6D716009CB96C /* ServerInviteListViewController.swift */ = {isa = PBXFileReference; lastKnownFileType = sourcecode.swift; path = ServerInviteListViewController.swift; sourceTree = "<group>"; };
		C118D2CD27A6DDF9009CB96C /* Invitation.swift */ = {isa = PBXFileReference; lastKnownFileType = sourcecode.swift; path = Invitation.swift; sourceTree = "<group>"; };
		C118D2CF27A6EB7E009CB96C /* ServerInviteCell.swift */ = {isa = PBXFileReference; lastKnownFileType = sourcecode.swift; path = ServerInviteCell.swift; sourceTree = "<group>"; };
		C118D2D127A70062009CB96C /* ServerInviteEmptyView.swift */ = {isa = PBXFileReference; lastKnownFileType = sourcecode.swift; path = ServerInviteEmptyView.swift; sourceTree = "<group>"; };
		C118D2D427A771FE009CB96C /* MakeChannelView.swift */ = {isa = PBXFileReference; lastKnownFileType = sourcecode.swift; path = MakeChannelView.swift; sourceTree = "<group>"; };
		C118D2D627A77219009CB96C /* MakeChannelViewController.swift */ = {isa = PBXFileReference; lastKnownFileType = sourcecode.swift; path = MakeChannelViewController.swift; sourceTree = "<group>"; };
		C118D2D827A77222009CB96C /* MakeChannelViewModel.swift */ = {isa = PBXFileReference; lastKnownFileType = sourcecode.swift; path = MakeChannelViewModel.swift; sourceTree = "<group>"; };
		C118D2DA27A77291009CB96C /* ChannelAPI.swift */ = {isa = PBXFileReference; lastKnownFileType = sourcecode.swift; path = ChannelAPI.swift; sourceTree = "<group>"; };
		C118D2DC27A7729E009CB96C /* ChannelRepository.swift */ = {isa = PBXFileReference; lastKnownFileType = sourcecode.swift; path = ChannelRepository.swift; sourceTree = "<group>"; };
		C118D2DE27A789A0009CB96C /* CategoryAPI.swift */ = {isa = PBXFileReference; lastKnownFileType = sourcecode.swift; path = CategoryAPI.swift; sourceTree = "<group>"; };
		C118D2E027A78A9F009CB96C /* Category.swift */ = {isa = PBXFileReference; lastKnownFileType = sourcecode.swift; path = Category.swift; sourceTree = "<group>"; };
		C118D2E227A78BCE009CB96C /* CategoryRepository.swift */ = {isa = PBXFileReference; lastKnownFileType = sourcecode.swift; path = CategoryRepository.swift; sourceTree = "<group>"; };
		C118D2E427A78D40009CB96C /* MakeCategoryView.swift */ = {isa = PBXFileReference; lastKnownFileType = sourcecode.swift; path = MakeCategoryView.swift; sourceTree = "<group>"; };
		C118D2E727A78D61009CB96C /* MakeCategoryViewController.swift */ = {isa = PBXFileReference; lastKnownFileType = sourcecode.swift; path = MakeCategoryViewController.swift; sourceTree = "<group>"; };
		C118D2E927A78D70009CB96C /* MakeCategoryViewModel.swift */ = {isa = PBXFileReference; lastKnownFileType = sourcecode.swift; path = MakeCategoryViewModel.swift; sourceTree = "<group>"; };
		C118D2F027A7B61A009CB96C /* ChannelCategoryCell.swift */ = {isa = PBXFileReference; lastKnownFileType = sourcecode.swift; path = ChannelCategoryCell.swift; sourceTree = "<group>"; };
		C1244F7527A61A5C00BEC173 /* ServerInfoCell.swift */ = {isa = PBXFileReference; lastKnownFileType = sourcecode.swift; path = ServerInfoCell.swift; sourceTree = "<group>"; };
		C1244F7727A624FC00BEC173 /* AlertUtils.swift */ = {isa = PBXFileReference; lastKnownFileType = sourcecode.swift; path = AlertUtils.swift; sourceTree = "<group>"; };
		C1244F7F27A63D4000BEC173 /* Member.swift */ = {isa = PBXFileReference; lastKnownFileType = sourcecode.swift; path = Member.swift; sourceTree = "<group>"; };
		C1244F8127A64AD200BEC173 /* EditServerInfoView.swift */ = {isa = PBXFileReference; lastKnownFileType = sourcecode.swift; path = EditServerInfoView.swift; sourceTree = "<group>"; };
		C1244F8427A64B0800BEC173 /* EditServerInfoViewController.swift */ = {isa = PBXFileReference; lastKnownFileType = sourcecode.swift; path = EditServerInfoViewController.swift; sourceTree = "<group>"; };
		C1244F8627A64B2100BEC173 /* EditServerInfoViewModel.swift */ = {isa = PBXFileReference; lastKnownFileType = sourcecode.swift; path = EditServerInfoViewModel.swift; sourceTree = "<group>"; };
		C15A22C1279A33E00009095E /* FriendRequestViewController.swift */ = {isa = PBXFileReference; lastKnownFileType = sourcecode.swift; path = FriendRequestViewController.swift; sourceTree = "<group>"; };
		C15A22C3279A37230009095E /* Image+Extension.swift */ = {isa = PBXFileReference; lastKnownFileType = sourcecode.swift; path = "Image+Extension.swift"; sourceTree = "<group>"; };
		C176604D279A639E0062D0CB /* FriendInfoView.swift */ = {isa = PBXFileReference; lastKnownFileType = sourcecode.swift; path = FriendInfoView.swift; sourceTree = "<group>"; };
		C1766050279A754C0062D0CB /* FriendInfoViewController.swift */ = {isa = PBXFileReference; lastKnownFileType = sourcecode.swift; path = FriendInfoViewController.swift; sourceTree = "<group>"; };
		C1766052279A75900062D0CB /* FriendInfoViewModel.swift */ = {isa = PBXFileReference; lastKnownFileType = sourcecode.swift; path = FriendInfoViewModel.swift; sourceTree = "<group>"; };
		C1786DF327A2390100170D4F /* Data+Extension.swift */ = {isa = PBXFileReference; lastKnownFileType = sourcecode.swift; path = "Data+Extension.swift"; sourceTree = "<group>"; };
		C1786DF527A2622900170D4F /* InviteServerViewController.swift */ = {isa = PBXFileReference; lastKnownFileType = sourcecode.swift; path = InviteServerViewController.swift; sourceTree = "<group>"; };
		C1786DF727A2624E00170D4F /* InviteServerView.swift */ = {isa = PBXFileReference; lastKnownFileType = sourcecode.swift; path = InviteServerView.swift; sourceTree = "<group>"; };
		C1786DF927A2625600170D4F /* InviteServerViewModel.swift */ = {isa = PBXFileReference; lastKnownFileType = sourcecode.swift; path = InviteServerViewModel.swift; sourceTree = "<group>"; };
		C1786DFC27A27CDB00170D4F /* InviteFriendListCell.swift */ = {isa = PBXFileReference; lastKnownFileType = sourcecode.swift; path = InviteFriendListCell.swift; sourceTree = "<group>"; };
		C1786DFE27A27FAA00170D4F /* BaseTableViewCell.swift */ = {isa = PBXFileReference; lastKnownFileType = sourcecode.swift; path = BaseTableViewCell.swift; sourceTree = "<group>"; };
		C1786E0027A2D3ED00170D4F /* JoinServerViewModel.swift */ = {isa = PBXFileReference; lastKnownFileType = sourcecode.swift; path = JoinServerViewModel.swift; sourceTree = "<group>"; };
		C1AA6AF827A40312003A32A4 /* ServerInfoView.swift */ = {isa = PBXFileReference; lastKnownFileType = sourcecode.swift; path = ServerInfoView.swift; sourceTree = "<group>"; };
		C1AA6AFA27A4031F003A32A4 /* ServerInfoViewController.swift */ = {isa = PBXFileReference; lastKnownFileType = sourcecode.swift; path = ServerInfoViewController.swift; sourceTree = "<group>"; };
		C1AA6AFC27A4032B003A32A4 /* ServerInfoViewModel.swift */ = {isa = PBXFileReference; lastKnownFileType = sourcecode.swift; path = ServerInfoViewModel.swift; sourceTree = "<group>"; };
		C1B63F5727A104F900382BF6 /* ImagePickerController+Rx.swift */ = {isa = PBXFileReference; lastKnownFileType = sourcecode.swift; path = "ImagePickerController+Rx.swift"; sourceTree = "<group>"; };
		C1C44F1B27A6A02A00A408A4 /* ServerSettingView.swift */ = {isa = PBXFileReference; lastKnownFileType = sourcecode.swift; path = ServerSettingView.swift; sourceTree = "<group>"; };
		C1C44F1E27A6A05900A408A4 /* ServerSettingViewController.swift */ = {isa = PBXFileReference; lastKnownFileType = sourcecode.swift; path = ServerSettingViewController.swift; sourceTree = "<group>"; };
		C1C44F2027A6A06200A408A4 /* ServerSettingViewModel.swift */ = {isa = PBXFileReference; lastKnownFileType = sourcecode.swift; path = ServerSettingViewModel.swift; sourceTree = "<group>"; };
		C1D47EBF2779570000DBA3CA /* smooth-ios.app */ = {isa = PBXFileReference; explicitFileType = wrapper.application; includeInIndex = 0; path = "smooth-ios.app"; sourceTree = BUILT_PRODUCTS_DIR; };
		C1D47EC22779570000DBA3CA /* AppDelegate.swift */ = {isa = PBXFileReference; lastKnownFileType = sourcecode.swift; path = AppDelegate.swift; sourceTree = "<group>"; };
		C1D47ECB2779570200DBA3CA /* Assets.xcassets */ = {isa = PBXFileReference; lastKnownFileType = folder.assetcatalog; path = Assets.xcassets; sourceTree = "<group>"; };
		C1D47ECE2779570200DBA3CA /* Base */ = {isa = PBXFileReference; lastKnownFileType = file.storyboard; name = Base; path = Base.lproj/LaunchScreen.storyboard; sourceTree = "<group>"; };
		C1D47ED02779570200DBA3CA /* Info.plist */ = {isa = PBXFileReference; lastKnownFileType = text.plist.xml; path = Info.plist; sourceTree = "<group>"; };
		C1D47ED7277959AA00DBA3CA /* Coordinator.swift */ = {isa = PBXFileReference; lastKnownFileType = sourcecode.swift; path = Coordinator.swift; sourceTree = "<group>"; };
		C1D47ED9277959BA00DBA3CA /* MainCoordinator.swift */ = {isa = PBXFileReference; lastKnownFileType = sourcecode.swift; path = MainCoordinator.swift; sourceTree = "<group>"; };
		C1D47EDC27795A6A00DBA3CA /* SplashViewController.swift */ = {isa = PBXFileReference; lastKnownFileType = sourcecode.swift; path = SplashViewController.swift; sourceTree = "<group>"; };
		C1D47EDE27795A9200DBA3CA /* SplashView.swift */ = {isa = PBXFileReference; lastKnownFileType = sourcecode.swift; path = SplashView.swift; sourceTree = "<group>"; };
		C1D47EE027795AA800DBA3CA /* SplashViewModel.swift */ = {isa = PBXFileReference; lastKnownFileType = sourcecode.swift; path = SplashViewModel.swift; sourceTree = "<group>"; };
		C1D47EE427795C9600DBA3CA /* SignInViewController.swift */ = {isa = PBXFileReference; lastKnownFileType = sourcecode.swift; path = SignInViewController.swift; sourceTree = "<group>"; };
		C1D47EE627795CAD00DBA3CA /* SignInView.swift */ = {isa = PBXFileReference; lastKnownFileType = sourcecode.swift; path = SignInView.swift; sourceTree = "<group>"; };
		C1D47EE827795CCB00DBA3CA /* SignInViewModel.swift */ = {isa = PBXFileReference; lastKnownFileType = sourcecode.swift; path = SignInViewModel.swift; sourceTree = "<group>"; };
		C1D47EEB27795D0900DBA3CA /* BaseViewController.swift */ = {isa = PBXFileReference; lastKnownFileType = sourcecode.swift; path = BaseViewController.swift; sourceTree = "<group>"; };
		C1D47EED27795D1300DBA3CA /* BaseView.swift */ = {isa = PBXFileReference; lastKnownFileType = sourcecode.swift; path = BaseView.swift; sourceTree = "<group>"; };
		C1D47EEF27795D1E00DBA3CA /* BaseViewModel.swift */ = {isa = PBXFileReference; lastKnownFileType = sourcecode.swift; path = BaseViewModel.swift; sourceTree = "<group>"; };
		C1D47EF427795D7E00DBA3CA /* UserDefaultsUtil.swift */ = {isa = PBXFileReference; lastKnownFileType = sourcecode.swift; path = UserDefaultsUtil.swift; sourceTree = "<group>"; };
		C1D47EFA27795E1000DBA3CA /* SignIn.swift */ = {isa = PBXFileReference; lastKnownFileType = sourcecode.swift; path = SignIn.swift; sourceTree = "<group>"; };
		C1D47EFC27795E2300DBA3CA /* User.swift */ = {isa = PBXFileReference; lastKnownFileType = sourcecode.swift; path = User.swift; sourceTree = "<group>"; };
		C1D47EFE27795E3400DBA3CA /* Signup.swift */ = {isa = PBXFileReference; lastKnownFileType = sourcecode.swift; path = Signup.swift; sourceTree = "<group>"; };
		C1D47F0327795ED100DBA3CA /* HomeViewController.swift */ = {isa = PBXFileReference; lastKnownFileType = sourcecode.swift; path = HomeViewController.swift; sourceTree = "<group>"; };
		C1D47F0D2779D66300DBA3CA /* MenuViewController.swift */ = {isa = PBXFileReference; lastKnownFileType = sourcecode.swift; path = MenuViewController.swift; sourceTree = "<group>"; };
		C1D47F102779D6FD00DBA3CA /* ContainerViewController.swift */ = {isa = PBXFileReference; lastKnownFileType = sourcecode.swift; path = ContainerViewController.swift; sourceTree = "<group>"; };
		C1D47F12277A0BCE00DBA3CA /* ServerViewController.swift */ = {isa = PBXFileReference; lastKnownFileType = sourcecode.swift; path = ServerViewController.swift; sourceTree = "<group>"; };
		C1D47F14277ACD2800DBA3CA /* Server.swift */ = {isa = PBXFileReference; lastKnownFileType = sourcecode.swift; path = Server.swift; sourceTree = "<group>"; };
		C1D47F2327833DB800DBA3CA /* BaseResponse.swift */ = {isa = PBXFileReference; lastKnownFileType = sourcecode.swift; path = BaseResponse.swift; sourceTree = "<group>"; };
		C1D47F252783CA0C00DBA3CA /* NetworkLoggerPlugin.swift */ = {isa = PBXFileReference; lastKnownFileType = sourcecode.swift; path = NetworkLoggerPlugin.swift; sourceTree = "<group>"; };
		C1D47F2E2784220800DBA3CA /* Font+Extension.swift */ = {isa = PBXFileReference; lastKnownFileType = sourcecode.swift; path = "Font+Extension.swift"; sourceTree = "<group>"; };
		C1D47F30278433CF00DBA3CA /* ABCGintoNord-Black-Trial.otf */ = {isa = PBXFileReference; lastKnownFileType = file; path = "ABCGintoNord-Black-Trial.otf"; sourceTree = "<group>"; };
		C1D47F322784351800DBA3CA /* ABCGintoNord-Medium-Trial.otf */ = {isa = PBXFileReference; lastKnownFileType = file; path = "ABCGintoNord-Medium-Trial.otf"; sourceTree = "<group>"; };
		C1D47F342784488200DBA3CA /* CustomComponent.swift */ = {isa = PBXFileReference; lastKnownFileType = sourcecode.swift; path = CustomComponent.swift; sourceTree = "<group>"; };
		C1D47F372784749200DBA3CA /* SignUpView.swift */ = {isa = PBXFileReference; lastKnownFileType = sourcecode.swift; path = SignUpView.swift; sourceTree = "<group>"; };
		C1D47F392784749C00DBA3CA /* SignUpViewModel.swift */ = {isa = PBXFileReference; lastKnownFileType = sourcecode.swift; path = SignUpViewModel.swift; sourceTree = "<group>"; };
		C1D47F3B278474AA00DBA3CA /* SignUpViewController.swift */ = {isa = PBXFileReference; lastKnownFileType = sourcecode.swift; path = SignUpViewController.swift; sourceTree = "<group>"; };
		C1D47F3D278485F200DBA3CA /* SignUpInfoView.swift */ = {isa = PBXFileReference; lastKnownFileType = sourcecode.swift; path = SignUpInfoView.swift; sourceTree = "<group>"; };
		C1D47F402784860D00DBA3CA /* SignUpInfoViewController.swift */ = {isa = PBXFileReference; lastKnownFileType = sourcecode.swift; path = SignUpInfoViewController.swift; sourceTree = "<group>"; };
		C1D47F422785DA4900DBA3CA /* SignUpInfoViewModel.swift */ = {isa = PBXFileReference; lastKnownFileType = sourcecode.swift; path = SignUpInfoViewModel.swift; sourceTree = "<group>"; };
		C1D47F452785DCE200DBA3CA /* VerifyCodeView.swift */ = {isa = PBXFileReference; lastKnownFileType = sourcecode.swift; path = VerifyCodeView.swift; sourceTree = "<group>"; };
		C1D47F472785DCEC00DBA3CA /* VerifyCodeViewController.swift */ = {isa = PBXFileReference; lastKnownFileType = sourcecode.swift; path = VerifyCodeViewController.swift; sourceTree = "<group>"; };
		C1D47F492785DCF700DBA3CA /* VerifyCodeViewModel.swift */ = {isa = PBXFileReference; lastKnownFileType = sourcecode.swift; path = VerifyCodeViewModel.swift; sourceTree = "<group>"; };
		C1D47F51278B0F4900DBA3CA /* ChannalCell.swift */ = {isa = PBXFileReference; lastKnownFileType = sourcecode.swift; path = ChannalCell.swift; sourceTree = "<group>"; };
		C1D47F53278B0F5D00DBA3CA /* ServerCell.swift */ = {isa = PBXFileReference; lastKnownFileType = sourcecode.swift; path = ServerCell.swift; sourceTree = "<group>"; };
		C621E57B9EB3150F8810E412 /* Pods-smooth-ios.debug.xcconfig */ = {isa = PBXFileReference; includeInIndex = 1; lastKnownFileType = text.xcconfig; name = "Pods-smooth-ios.debug.xcconfig"; path = "Target Support Files/Pods-smooth-ios/Pods-smooth-ios.debug.xcconfig"; sourceTree = "<group>"; };
/* End PBXFileReference section */

/* Begin PBXFrameworksBuildPhase section */
		C1D47EBC2779570000DBA3CA /* Frameworks */ = {
			isa = PBXFrameworksBuildPhase;
			buildActionMask = 2147483647;
			files = (
				9FCA44B726A864D2340FA173 /* Pods_smooth_ios.framework in Frameworks */,
			);
			runOnlyForDeploymentPostprocessing = 0;
		};
/* End PBXFrameworksBuildPhase section */

/* Begin PBXGroup section */
		04C36F9611FBFF46E985B6F4 /* Frameworks */ = {
			isa = PBXGroup;
			children = (
				31E96B6335775CCA2B902089 /* Pods_smooth_ios.framework */,
			);
			name = Frameworks;
			sourceTree = "<group>";
		};
		2709161727912B3B00A0772D /* TabBar */ = {
			isa = PBXGroup;
			children = (
				27F2BE71278FBBEA00A0F0A8 /* HomeCoordinator.swift */,
				2709161527912B3700A0772D /* FriendCoordinator.swift */,
				C102416E279FBF8D00B702DB /* AddServerCoordinator.swift */,
				C118D2BD27A6AE39009CB96C /* ServerSettingCoordinator.swift */,
			);
			path = TabBar;
			sourceTree = "<group>";
		};
		2709161A27912CA800A0772D /* Friend */ = {
			isa = PBXGroup;
			children = (
				2709161827912BBA00A0772D /* FriendListViewController.swift */,
				2709161D27912DA300A0772D /* FriendListViewModel.swift */,
				C102413C279CF7BC00B702DB /* FriendListView.swift */,
				2709162E2791CFB900A0772D /* SubView */,
				C176604F279A6BEA0062D0CB /* Info */,
				2709162327916E7500A0772D /* Reqeust */,
			);
			path = Friend;
			sourceTree = "<group>";
		};
		2709162327916E7500A0772D /* Reqeust */ = {
			isa = PBXGroup;
			children = (
				2709162127916E6F00A0772D /* FriendRequestView.swift */,
				270916262791749100A0772D /* FriendRequestViewModel.swift */,
				C15A22C1279A33E00009095E /* FriendRequestViewController.swift */,
			);
			path = Reqeust;
			sourceTree = "<group>";
		};
		2709162E2791CFB900A0772D /* SubView */ = {
			isa = PBXGroup;
			children = (
				2709161B27912CB000A0772D /* FriendEmptyView.swift */,
				270916332793188E00A0772D /* FriendListViewCell.swift */,
			);
			path = SubView;
			sourceTree = "<group>";
		};
		272189082782EB8700ABEF60 /* Repository */ = {
			isa = PBXGroup;
			children = (
				277CD09B277D976100948125 /* API */,
				272189042782EA8000ABEF60 /* UserRepository.swift */,
				2709162827917FA600A0772D /* FriendRepository.swift */,
				C1024147279DA8C300B702DB /* ServerRepository.swift */,
				C118D2DC27A7729E009CB96C /* ChannelRepository.swift */,
				C118D2E227A78BCE009CB96C /* CategoryRepository.swift */,
			);
			path = Repository;
			sourceTree = "<group>";
		};
		277CD09B277D976100948125 /* API */ = {
			isa = PBXGroup;
			children = (
				272189062782EB7500ABEF60 /* UserAPI.swift */,
				2709161F2791603D00A0772D /* FriendAPI.swift */,
				C1024145279DA7FB00B702DB /* ServerAPI.swift */,
				C118D2DA27A77291009CB96C /* ChannelAPI.swift */,
				C118D2DE27A789A0009CB96C /* CategoryAPI.swift */,
			);
			path = API;
			sourceTree = "<group>";
		};
		27B19D49277BEA49008D85DE /* Utils */ = {
			isa = PBXGroup;
			children = (
				C1D47EF427795D7E00DBA3CA /* UserDefaultsUtil.swift */,
				C1244F7727A624FC00BEC173 /* AlertUtils.swift */,
				C1D47F252783CA0C00DBA3CA /* NetworkLoggerPlugin.swift */,
				C1D47F342784488200DBA3CA /* CustomComponent.swift */,
				C1024144279D9D1900B702DB /* Extension */,
			);
			path = Utils;
			sourceTree = "<group>";
		};
		C1024144279D9D1900B702DB /* Extension */ = {
			isa = PBXGroup;
			children = (
				27B19D47277BEA44008D85DE /* Color+Extension.swift */,
				C1D47F2E2784220800DBA3CA /* Font+Extension.swift */,
				C15A22C3279A37230009095E /* Image+Extension.swift */,
				27F2BE7527905DC200A0F0A8 /* ImageView+Extension.swift */,
				C102413A279C602200B702DB /* AlertController+Rx.swift */,
				C1B63F5727A104F900382BF6 /* ImagePickerController+Rx.swift */,
				C1786DF327A2390100170D4F /* Data+Extension.swift */,
			);
			path = Extension;
			sourceTree = "<group>";
		};
		C1024163279F911A00B702DB /* SubView */ = {
			isa = PBXGroup;
			children = (
				C1D47F53278B0F5D00DBA3CA /* ServerCell.swift */,
				C1024161279F26B000B702DB /* ServerButtonCell.swift */,
				C1024155279E482100B702DB /* ServerView.swift */,
				C1D47F51278B0F4900DBA3CA /* ChannalCell.swift */,
				C118D2F027A7B61A009CB96C /* ChannelCategoryCell.swift */,
				C1024157279E4B3B00B702DB /* ChannelView.swift */,
			);
			path = SubView;
			sourceTree = "<group>";
		};
		C1024170279FE6F500B702DB /* Join */ = {
			isa = PBXGroup;
			children = (
				C102416A279FBAE400B702DB /* JoinServerViewController.swift */,
				C102416C279FBBA100B702DB /* JoinServerView.swift */,
				C1786E0027A2D3ED00170D4F /* JoinServerViewModel.swift */,
			);
			path = Join;
			sourceTree = "<group>";
		};
		C1024173279FEA2500B702DB /* Make */ = {
			isa = PBXGroup;
			children = (
				C1024174279FEA4200B702DB /* MakeServerViewModel.swift */,
				C1024171279FEA2100B702DB /* MakeServerViewController.swift */,
				C1024176279FEB3F00B702DB /* MakeServerView.swift */,
			);
			path = Make;
			sourceTree = "<group>";
		};
		C102417A27A0042F00B702DB /* Regist */ = {
			isa = PBXGroup;
			children = (
				C102417827A0041D00B702DB /* RegisterServerViewController.swift */,
				C102417B27A0050B00B702DB /* RegisterServerView.swift */,
				C102417D27A005E300B702DB /* RegisterIconViewModel.swift */,
			);
			path = Regist;
			sourceTree = "<group>";
		};
		C118D2C527A6D5A6009CB96C /* SubView */ = {
			isa = PBXGroup;
			children = (
				C118D2BF27A6B232009CB96C /* ServerSettingCell.swift */,
				C118D2C327A6BA5D009CB96C /* ServerSettingHeaderCell.swift */,
				C118D2CF27A6EB7E009CB96C /* ServerInviteCell.swift */,
				C118D2D127A70062009CB96C /* ServerInviteEmptyView.swift */,
			);
			path = SubView;
			sourceTree = "<group>";
		};
		C118D2C627A6D5CA009CB96C /* Server-Invite */ = {
			isa = PBXGroup;
			children = (
				C118D2C727A6D6E3009CB96C /* ServerInviteListView.swift */,
				C118D2C927A6D70B009CB96C /* ServerInviteListViewModel.swift */,
				C118D2CB27A6D716009CB96C /* ServerInviteListViewController.swift */,
			);
			path = "Server-Invite";
			sourceTree = "<group>";
		};
		C118D2D327A70F12009CB96C /* Channel-make */ = {
			isa = PBXGroup;
			children = (
				C118D2D427A771FE009CB96C /* MakeChannelView.swift */,
				C118D2D627A77219009CB96C /* MakeChannelViewController.swift */,
				C118D2D827A77222009CB96C /* MakeChannelViewModel.swift */,
			);
			path = "Channel-make";
			sourceTree = "<group>";
		};
		C118D2E627A78D4D009CB96C /* Category */ = {
			isa = PBXGroup;
			children = (
				C118D2EB27A78D74009CB96C /* Make */,
			);
			path = Category;
			sourceTree = "<group>";
		};
		C118D2EB27A78D74009CB96C /* Make */ = {
			isa = PBXGroup;
			children = (
				C118D2E427A78D40009CB96C /* MakeCategoryView.swift */,
				C118D2E727A78D61009CB96C /* MakeCategoryViewController.swift */,
				C118D2E927A78D70009CB96C /* MakeCategoryViewModel.swift */,
			);
			path = Make;
			sourceTree = "<group>";
		};
		C1244F8327A64AD500BEC173 /* Server-edit */ = {
			isa = PBXGroup;
			children = (
				C1244F8127A64AD200BEC173 /* EditServerInfoView.swift */,
				C1244F8427A64B0800BEC173 /* EditServerInfoViewController.swift */,
				C1244F8627A64B2100BEC173 /* EditServerInfoViewModel.swift */,
			);
			path = "Server-edit";
			sourceTree = "<group>";
		};
		C129ADE2278BED1A00AC1092 /* AddServer */ = {
			isa = PBXGroup;
			children = (
				C1024164279F915900B702DB /* AddServerViewController.swift */,
				C1024166279F919400B702DB /* AddServerView.swift */,
				C1024168279F91A600B702DB /* AddServerViewModel.swift */,
				C1024170279FE6F500B702DB /* Join */,
				C1024173279FEA2500B702DB /* Make */,
				C102417A27A0042F00B702DB /* Regist */,
				C1786DFB27A2626400170D4F /* Invite */,
			);
			path = AddServer;
			sourceTree = "<group>";
		};
		C176604F279A6BEA0062D0CB /* Info */ = {
			isa = PBXGroup;
			children = (
				C176604D279A639E0062D0CB /* FriendInfoView.swift */,
				C1766050279A754C0062D0CB /* FriendInfoViewController.swift */,
				C1766052279A75900062D0CB /* FriendInfoViewModel.swift */,
			);
			path = Info;
			sourceTree = "<group>";
		};
		C1786DFB27A2626400170D4F /* Invite */ = {
			isa = PBXGroup;
			children = (
				C1786DF727A2624E00170D4F /* InviteServerView.swift */,
				C1786DFC27A27CDB00170D4F /* InviteFriendListCell.swift */,
				C1786DF527A2622900170D4F /* InviteServerViewController.swift */,
				C1786DF927A2625600170D4F /* InviteServerViewModel.swift */,
			);
			path = Invite;
			sourceTree = "<group>";
		};
		C1AA6AFE27A40332003A32A4 /* Server-Info */ = {
			isa = PBXGroup;
			children = (
				C1244F7527A61A5C00BEC173 /* ServerInfoCell.swift */,
				C1AA6AFA27A4031F003A32A4 /* ServerInfoViewController.swift */,
				C1AA6AFC27A4032B003A32A4 /* ServerInfoViewModel.swift */,
				C1AA6AF827A40312003A32A4 /* ServerInfoView.swift */,
			);
			path = "Server-Info";
			sourceTree = "<group>";
		};
		C1C44F1D27A6A02F00A408A4 /* Server-setting */ = {
			isa = PBXGroup;
			children = (
				C118D2C527A6D5A6009CB96C /* SubView */,
				C1244F8327A64AD500BEC173 /* Server-edit */,
				C118D2C627A6D5CA009CB96C /* Server-Invite */,
				C1C44F1B27A6A02A00A408A4 /* ServerSettingView.swift */,
				C1C44F1E27A6A05900A408A4 /* ServerSettingViewController.swift */,
				C1C44F2027A6A06200A408A4 /* ServerSettingViewModel.swift */,
			);
			path = "Server-setting";
			sourceTree = "<group>";
		};
		C1D47EB62779570000DBA3CA = {
			isa = PBXGroup;
			children = (
				C1D47EC12779570000DBA3CA /* smooth-ios */,
				C1D47EC02779570000DBA3CA /* Products */,
				CABC661DFF2E909E8846E9B8 /* Pods */,
				04C36F9611FBFF46E985B6F4 /* Frameworks */,
			);
			sourceTree = "<group>";
		};
		C1D47EC02779570000DBA3CA /* Products */ = {
			isa = PBXGroup;
			children = (
				C1D47EBF2779570000DBA3CA /* smooth-ios.app */,
			);
			name = Products;
			sourceTree = "<group>";
		};
		C1D47EC12779570000DBA3CA /* smooth-ios */ = {
			isa = PBXGroup;
			children = (
				C1D47EE327795AB900DBA3CA /* Modules */,
				272189082782EB8700ABEF60 /* Repository */,
				C1D47F0027795E3F00DBA3CA /* Model */,
				C1D47EDB277959C700DBA3CA /* Coordinator */,
				C1D47EF127795D3C00DBA3CA /* Base */,
				C1D47ED62779597900DBA3CA /* Commons */,
				27B19D49277BEA49008D85DE /* Utils */,
			);
			path = "smooth-ios";
			sourceTree = "<group>";
		};
		C1D47ED62779597900DBA3CA /* Commons */ = {
			isa = PBXGroup;
			children = (
				C1D47F292784212800DBA3CA /* Fonts */,
				C1D47EC22779570000DBA3CA /* AppDelegate.swift */,
				C1D47ECB2779570200DBA3CA /* Assets.xcassets */,
				C1D47ECD2779570200DBA3CA /* LaunchScreen.storyboard */,
				C1D47ED02779570200DBA3CA /* Info.plist */,
			);
			path = Commons;
			sourceTree = "<group>";
		};
		C1D47EDB277959C700DBA3CA /* Coordinator */ = {
			isa = PBXGroup;
			children = (
				C1D47ED7277959AA00DBA3CA /* Coordinator.swift */,
				C1D47ED9277959BA00DBA3CA /* MainCoordinator.swift */,
				27F2BE6F278FB76D00A0F0A8 /* MainTabBarCoordinator.swift */,
				2709161727912B3B00A0772D /* TabBar */,
			);
			path = Coordinator;
			sourceTree = "<group>";
		};
		C1D47EE227795AB300DBA3CA /* Splash */ = {
			isa = PBXGroup;
			children = (
				C1D47EDC27795A6A00DBA3CA /* SplashViewController.swift */,
				C1D47EDE27795A9200DBA3CA /* SplashView.swift */,
				C1D47EE027795AA800DBA3CA /* SplashViewModel.swift */,
			);
			path = Splash;
			sourceTree = "<group>";
		};
		C1D47EE327795AB900DBA3CA /* Modules */ = {
			isa = PBXGroup;
			children = (
				C1D47EE227795AB300DBA3CA /* Splash */,
				C1D47EEA27795CE400DBA3CA /* SignIn */,
				C1D47F362784747D00DBA3CA /* SignUp */,
				C1D47F0727795F1600DBA3CA /* Home */,
				C1D47F4B2787CFC200DBA3CA /* Content */,
				C129ADE2278BED1A00AC1092 /* AddServer */,
				2709161A27912CA800A0772D /* Friend */,
			);
			path = Modules;
			sourceTree = "<group>";
		};
		C1D47EEA27795CE400DBA3CA /* SignIn */ = {
			isa = PBXGroup;
			children = (
				C1D47EE427795C9600DBA3CA /* SignInViewController.swift */,
				C1D47EE827795CCB00DBA3CA /* SignInViewModel.swift */,
				C1D47EE627795CAD00DBA3CA /* SignInView.swift */,
			);
			path = SignIn;
			sourceTree = "<group>";
		};
		C1D47EF127795D3C00DBA3CA /* Base */ = {
			isa = PBXGroup;
			children = (
				C1D47EED27795D1300DBA3CA /* BaseView.swift */,
				C1D47EEB27795D0900DBA3CA /* BaseViewController.swift */,
				C1D47EEF27795D1E00DBA3CA /* BaseViewModel.swift */,
				272189022782E9F000ABEF60 /* BaseAPI.swift */,
				272189002782E99500ABEF60 /* BaseRepository.swift */,
				C1D47F2327833DB800DBA3CA /* BaseResponse.swift */,
				C1786DFE27A27FAA00170D4F /* BaseTableViewCell.swift */,
			);
			path = Base;
			sourceTree = "<group>";
		};
		C1D47F0027795E3F00DBA3CA /* Model */ = {
			isa = PBXGroup;
			children = (
				C1D47EFA27795E1000DBA3CA /* SignIn.swift */,
				C1D47EFE27795E3400DBA3CA /* Signup.swift */,
				C1D47EFC27795E2300DBA3CA /* User.swift */,
				2709162A2791804200A0772D /* Friend.swift */,
				27091637279803B300A0772D /* FriendSection.swift */,
				C1D47F14277ACD2800DBA3CA /* Server.swift */,
				C102415D279F17E700B702DB /* ServerSection.swift */,
				C1024149279DAA5700B702DB /* Channel.swift */,
				C102414D279DADAE00B702DB /* ChannelSection.swift */,
				C102415B279EA2EB00B702DB /* Community.swift */,
				C1244F7F27A63D4000BEC173 /* Member.swift */,
				C118D2CD27A6DDF9009CB96C /* Invitation.swift */,
				C118D2E027A78A9F009CB96C /* Category.swift */,
			);
			path = Model;
			sourceTree = "<group>";
		};
		C1D47F0727795F1600DBA3CA /* Home */ = {
			isa = PBXGroup;
			children = (
				C1D47F0327795ED100DBA3CA /* HomeViewController.swift */,
				C1024163279F911A00B702DB /* SubView */,
				C1D47F0F2779D66700DBA3CA /* Menu */,
				C118D2E627A78D4D009CB96C /* Category */,
				C118D2D327A70F12009CB96C /* Channel-make */,
				C1AA6AFE27A40332003A32A4 /* Server-Info */,
				C1C44F1D27A6A02F00A408A4 /* Server-setting */,
			);
			path = Home;
			sourceTree = "<group>";
		};
		C1D47F0F2779D66700DBA3CA /* Menu */ = {
			isa = PBXGroup;
			children = (
				C1D47F0D2779D66300DBA3CA /* MenuViewController.swift */,
				33E17F762788937B0084CE1A /* MenuViewModel.swift */,
				C1024151279E346000B702DB /* MenuView.swift */,
			);
			path = Menu;
			sourceTree = "<group>";
		};
		C1D47F292784212800DBA3CA /* Fonts */ = {
			isa = PBXGroup;
			children = (
				C1D47F30278433CF00DBA3CA /* ABCGintoNord-Black-Trial.otf */,
				C1D47F322784351800DBA3CA /* ABCGintoNord-Medium-Trial.otf */,
			);
			path = Fonts;
			sourceTree = "<group>";
		};
		C1D47F362784747D00DBA3CA /* SignUp */ = {
			isa = PBXGroup;
			children = (
				C1D47F3B278474AA00DBA3CA /* SignUpViewController.swift */,
				C1D47F392784749C00DBA3CA /* SignUpViewModel.swift */,
				C1D47F372784749200DBA3CA /* SignUpView.swift */,
				C1D47F442785DCB300DBA3CA /* VerifyCode */,
				C1D47F3F278485F500DBA3CA /* SignUpInfo */,
			);
			path = SignUp;
			sourceTree = "<group>";
		};
		C1D47F3F278485F500DBA3CA /* SignUpInfo */ = {
			isa = PBXGroup;
			children = (
				C1D47F3D278485F200DBA3CA /* SignUpInfoView.swift */,
				C1D47F402784860D00DBA3CA /* SignUpInfoViewController.swift */,
				C1D47F422785DA4900DBA3CA /* SignUpInfoViewModel.swift */,
			);
			path = SignUpInfo;
			sourceTree = "<group>";
		};
		C1D47F442785DCB300DBA3CA /* VerifyCode */ = {
			isa = PBXGroup;
			children = (
				C1D47F452785DCE200DBA3CA /* VerifyCodeView.swift */,
				C1D47F472785DCEC00DBA3CA /* VerifyCodeViewController.swift */,
				C1D47F492785DCF700DBA3CA /* VerifyCodeViewModel.swift */,
			);
			name = VerifyCode;
			sourceTree = "<group>";
		};
		C1D47F4B2787CFC200DBA3CA /* Content */ = {
			isa = PBXGroup;
			children = (
				C1D47F102779D6FD00DBA3CA /* ContainerViewController.swift */,
				C1D47F12277A0BCE00DBA3CA /* ServerViewController.swift */,
			);
			path = Content;
			sourceTree = "<group>";
		};
		CABC661DFF2E909E8846E9B8 /* Pods */ = {
			isa = PBXGroup;
			children = (
				C621E57B9EB3150F8810E412 /* Pods-smooth-ios.debug.xcconfig */,
				045D0D1A018DCBDCD55630C0 /* Pods-smooth-ios.release.xcconfig */,
			);
			path = Pods;
			sourceTree = "<group>";
		};
/* End PBXGroup section */

/* Begin PBXNativeTarget section */
		C1D47EBE2779570000DBA3CA /* smooth-ios */ = {
			isa = PBXNativeTarget;
			buildConfigurationList = C1D47ED32779570200DBA3CA /* Build configuration list for PBXNativeTarget "smooth-ios" */;
			buildPhases = (
				0D21A8784BD4FE060C704F2D /* [CP] Check Pods Manifest.lock */,
				C1D47EBB2779570000DBA3CA /* Sources */,
				C1D47EBC2779570000DBA3CA /* Frameworks */,
				C1D47EBD2779570000DBA3CA /* Resources */,
				56397F66FF58279BF067A4CA /* [CP] Embed Pods Frameworks */,
			);
			buildRules = (
			);
			dependencies = (
			);
			name = "smooth-ios";
			productName = "smooth-ios";
			productReference = C1D47EBF2779570000DBA3CA /* smooth-ios.app */;
			productType = "com.apple.product-type.application";
		};
/* End PBXNativeTarget section */

/* Begin PBXProject section */
		C1D47EB72779570000DBA3CA /* Project object */ = {
			isa = PBXProject;
			attributes = {
				LastSwiftUpdateCheck = 1250;
				LastUpgradeCheck = 1250;
				TargetAttributes = {
					C1D47EBE2779570000DBA3CA = {
						CreatedOnToolsVersion = 12.5.1;
					};
				};
			};
			buildConfigurationList = C1D47EBA2779570000DBA3CA /* Build configuration list for PBXProject "smooth-ios" */;
			compatibilityVersion = "Xcode 9.3";
			developmentRegion = en;
			hasScannedForEncodings = 0;
			knownRegions = (
				en,
				Base,
			);
			mainGroup = C1D47EB62779570000DBA3CA;
			productRefGroup = C1D47EC02779570000DBA3CA /* Products */;
			projectDirPath = "";
			projectRoot = "";
			targets = (
				C1D47EBE2779570000DBA3CA /* smooth-ios */,
			);
		};
/* End PBXProject section */

/* Begin PBXResourcesBuildPhase section */
		C1D47EBD2779570000DBA3CA /* Resources */ = {
			isa = PBXResourcesBuildPhase;
			buildActionMask = 2147483647;
			files = (
				C1D47F31278433CF00DBA3CA /* ABCGintoNord-Black-Trial.otf in Resources */,
				C1D47F332784351800DBA3CA /* ABCGintoNord-Medium-Trial.otf in Resources */,
				C1D47ECF2779570200DBA3CA /* LaunchScreen.storyboard in Resources */,
				C1D47ECC2779570200DBA3CA /* Assets.xcassets in Resources */,
			);
			runOnlyForDeploymentPostprocessing = 0;
		};
/* End PBXResourcesBuildPhase section */

/* Begin PBXShellScriptBuildPhase section */
		0D21A8784BD4FE060C704F2D /* [CP] Check Pods Manifest.lock */ = {
			isa = PBXShellScriptBuildPhase;
			buildActionMask = 2147483647;
			files = (
			);
			inputFileListPaths = (
			);
			inputPaths = (
				"${PODS_PODFILE_DIR_PATH}/Podfile.lock",
				"${PODS_ROOT}/Manifest.lock",
			);
			name = "[CP] Check Pods Manifest.lock";
			outputFileListPaths = (
			);
			outputPaths = (
				"$(DERIVED_FILE_DIR)/Pods-smooth-ios-checkManifestLockResult.txt",
			);
			runOnlyForDeploymentPostprocessing = 0;
			shellPath = /bin/sh;
			shellScript = "diff \"${PODS_PODFILE_DIR_PATH}/Podfile.lock\" \"${PODS_ROOT}/Manifest.lock\" > /dev/null\nif [ $? != 0 ] ; then\n    # print error to STDERR\n    echo \"error: The sandbox is not in sync with the Podfile.lock. Run 'pod install' or update your CocoaPods installation.\" >&2\n    exit 1\nfi\n# This output is used by Xcode 'outputs' to avoid re-running this script phase.\necho \"SUCCESS\" > \"${SCRIPT_OUTPUT_FILE_0}\"\n";
			showEnvVarsInLog = 0;
		};
		56397F66FF58279BF067A4CA /* [CP] Embed Pods Frameworks */ = {
			isa = PBXShellScriptBuildPhase;
			buildActionMask = 2147483647;
			files = (
			);
			inputFileListPaths = (
				"${PODS_ROOT}/Target Support Files/Pods-smooth-ios/Pods-smooth-ios-frameworks-${CONFIGURATION}-input-files.xcfilelist",
			);
			name = "[CP] Embed Pods Frameworks";
			outputFileListPaths = (
				"${PODS_ROOT}/Target Support Files/Pods-smooth-ios/Pods-smooth-ios-frameworks-${CONFIGURATION}-output-files.xcfilelist",
			);
			runOnlyForDeploymentPostprocessing = 0;
			shellPath = /bin/sh;
			shellScript = "\"${PODS_ROOT}/Target Support Files/Pods-smooth-ios/Pods-smooth-ios-frameworks.sh\"\n";
			showEnvVarsInLog = 0;
		};
/* End PBXShellScriptBuildPhase section */

/* Begin PBXSourcesBuildPhase section */
		C1D47EBB2779570000DBA3CA /* Sources */ = {
			isa = PBXSourcesBuildPhase;
			buildActionMask = 2147483647;
			files = (
				C1C44F1F27A6A05900A408A4 /* ServerSettingViewController.swift in Sources */,
				C1244F8227A64AD200BEC173 /* EditServerInfoView.swift in Sources */,
				C1024148279DA8C300B702DB /* ServerRepository.swift in Sources */,
				C1D47EE527795C9600DBA3CA /* SignInViewController.swift in Sources */,
				C1024152279E346000B702DB /* MenuView.swift in Sources */,
				C1786DF627A2622900170D4F /* InviteServerViewController.swift in Sources */,
				C118D2E527A78D40009CB96C /* MakeCategoryView.swift in Sources */,
				C176604E279A639E0062D0CB /* FriendInfoView.swift in Sources */,
				C1D47F262783CA0C00DBA3CA /* NetworkLoggerPlugin.swift in Sources */,
				C118D2C027A6B232009CB96C /* ServerSettingCell.swift in Sources */,
				C1D47F432785DA4900DBA3CA /* SignUpInfoViewModel.swift in Sources */,
				C118D2E127A78A9F009CB96C /* Category.swift in Sources */,
				C1D47F482785DCEC00DBA3CA /* VerifyCodeViewController.swift in Sources */,
				27B19D48277BEA44008D85DE /* Color+Extension.swift in Sources */,
				C118D2E327A78BCE009CB96C /* CategoryRepository.swift in Sources */,
				C118D2DF27A789A0009CB96C /* CategoryAPI.swift in Sources */,
				C102415E279F17E700B702DB /* ServerSection.swift in Sources */,
				27F2BE72278FBBEA00A0F0A8 /* HomeCoordinator.swift in Sources */,
				C102417C27A0050B00B702DB /* RegisterServerView.swift in Sources */,
				272189052782EA8000ABEF60 /* UserRepository.swift in Sources */,
				2709161C27912CB000A0772D /* FriendEmptyView.swift in Sources */,
				C118D2C827A6D6E3009CB96C /* ServerInviteListView.swift in Sources */,
				C1244F8027A63D4000BEC173 /* Member.swift in Sources */,
				C1D47ED8277959AA00DBA3CA /* Coordinator.swift in Sources */,
				C102414A279DAA5700B702DB /* Channel.swift in Sources */,
				C1D47EF527795D7E00DBA3CA /* UserDefaultsUtil.swift in Sources */,
				C1D47F13277A0BCE00DBA3CA /* ServerViewController.swift in Sources */,
				C1244F8527A64B0800BEC173 /* EditServerInfoViewController.swift in Sources */,
				C1D47EDA277959BA00DBA3CA /* MainCoordinator.swift in Sources */,
				C1D47F3E278485F200DBA3CA /* SignUpInfoView.swift in Sources */,
				C1786DFF27A27FAA00170D4F /* BaseTableViewCell.swift in Sources */,
				C1786DF827A2624E00170D4F /* InviteServerView.swift in Sources */,
				C1D47F15277ACD2800DBA3CA /* Server.swift in Sources */,
				C1D47F412784860D00DBA3CA /* SignUpInfoViewController.swift in Sources */,
				C1D47EDF27795A9200DBA3CA /* SplashView.swift in Sources */,
				C1766051279A754C0062D0CB /* FriendInfoViewController.swift in Sources */,
				C1024175279FEA4200B702DB /* MakeServerViewModel.swift in Sources */,
				C1D47EFF27795E3400DBA3CA /* Signup.swift in Sources */,
				C1D47F462785DCE200DBA3CA /* VerifyCodeView.swift in Sources */,
				C1D47EFD27795E2400DBA3CA /* User.swift in Sources */,
				C118D2EA27A78D70009CB96C /* MakeCategoryViewModel.swift in Sources */,
				27091638279803B300A0772D /* FriendSection.swift in Sources */,
				27F2BE7627905DC200A0F0A8 /* ImageView+Extension.swift in Sources */,
				C1024165279F915900B702DB /* AddServerViewController.swift in Sources */,
				C118D2DD27A7729E009CB96C /* ChannelRepository.swift in Sources */,
				C1D47EE127795AA800DBA3CA /* SplashViewModel.swift in Sources */,
				270916342793188E00A0772D /* FriendListViewCell.swift in Sources */,
				C1024177279FEB3F00B702DB /* MakeServerView.swift in Sources */,
				C1244F8727A64B2100BEC173 /* EditServerInfoViewModel.swift in Sources */,
				C1D47F2F2784220800DBA3CA /* Font+Extension.swift in Sources */,
				C1D47EF027795D1E00DBA3CA /* BaseViewModel.swift in Sources */,
				C15A22C4279A37230009095E /* Image+Extension.swift in Sources */,
				C102416D279FBBA100B702DB /* JoinServerView.swift in Sources */,
				C118D2E827A78D61009CB96C /* MakeCategoryViewController.swift in Sources */,
				C118D2D527A771FE009CB96C /* MakeChannelView.swift in Sources */,
				C118D2DB27A77291009CB96C /* ChannelAPI.swift in Sources */,
				C1D47EEC27795D0900DBA3CA /* BaseViewController.swift in Sources */,
				C102413D279CF7BC00B702DB /* FriendListView.swift in Sources */,
				33E17F772788937B0084CE1A /* MenuViewModel.swift in Sources */,
				C1D47EE927795CCB00DBA3CA /* SignInViewModel.swift in Sources */,
				270916272791749100A0772D /* FriendRequestViewModel.swift in Sources */,
				C1D47EC32779570000DBA3CA /* AppDelegate.swift in Sources */,
				C1244F7827A624FC00BEC173 /* AlertUtils.swift in Sources */,
				272189012782E99500ABEF60 /* BaseRepository.swift in Sources */,
				C1D47F4A2785DCF700DBA3CA /* VerifyCodeViewModel.swift in Sources */,
				C1D47F2427833DB800DBA3CA /* BaseResponse.swift in Sources */,
				C1D47F54278B0F5D00DBA3CA /* ServerCell.swift in Sources */,
				C1B63F5827A104F900382BF6 /* ImagePickerController+Rx.swift in Sources */,
				C1D47F112779D6FD00DBA3CA /* ContainerViewController.swift in Sources */,
				C1D47F3C278474AA00DBA3CA /* SignUpViewController.swift in Sources */,
				2709162927917FA600A0772D /* FriendRepository.swift in Sources */,
				C1024156279E482100B702DB /* ServerView.swift in Sources */,
				2709161927912BBA00A0772D /* FriendListViewController.swift in Sources */,
				C118D2D027A6EB7E009CB96C /* ServerInviteCell.swift in Sources */,
				C1D47EE727795CAD00DBA3CA /* SignInView.swift in Sources */,
				C1D47F352784488200DBA3CA /* CustomComponent.swift in Sources */,
				C1244F7627A61A5C00BEC173 /* ServerInfoCell.swift in Sources */,
				C102413B279C602200B702DB /* AlertController+Rx.swift in Sources */,
				C1024162279F26B000B702DB /* ServerButtonCell.swift in Sources */,
				C1C44F2127A6A06200A408A4 /* ServerSettingViewModel.swift in Sources */,
				270916202791603D00A0772D /* FriendAPI.swift in Sources */,
				272189072782EB7500ABEF60 /* UserAPI.swift in Sources */,
				C102417927A0041D00B702DB /* RegisterServerViewController.swift in Sources */,
				C118D2D227A70062009CB96C /* ServerInviteEmptyView.swift in Sources */,
				C1024169279F91A600B702DB /* AddServerViewModel.swift in Sources */,
				C1AA6AFB27A4031F003A32A4 /* ServerInfoViewController.swift in Sources */,
				C1D47EEE27795D1300DBA3CA /* BaseView.swift in Sources */,
				C1C44F1C27A6A02A00A408A4 /* ServerSettingView.swift in Sources */,
				2709161E27912DA300A0772D /* FriendListViewModel.swift in Sources */,
				C1AA6AFD27A4032B003A32A4 /* ServerInfoViewModel.swift in Sources */,
				C118D2F127A7B61A009CB96C /* ChannelCategoryCell.swift in Sources */,
				C102416B279FBAE400B702DB /* JoinServerViewController.swift in Sources */,
				C118D2CE27A6DDF9009CB96C /* Invitation.swift in Sources */,
				C1786E0127A2D3ED00170D4F /* JoinServerViewModel.swift in Sources */,
				C102417E27A005E300B702DB /* RegisterIconViewModel.swift in Sources */,
				C118D2CC27A6D716009CB96C /* ServerInviteListViewController.swift in Sources */,
				C1AA6AF927A40312003A32A4 /* ServerInfoView.swift in Sources */,
				C1786DF427A2390100170D4F /* Data+Extension.swift in Sources */,
				C1786DFD27A27CDB00170D4F /* InviteFriendListCell.swift in Sources */,
				C1D47EDD27795A6A00DBA3CA /* SplashViewController.swift in Sources */,
				C1D47EFB27795E1000DBA3CA /* SignIn.swift in Sources */,
				C1D47F382784749200DBA3CA /* SignUpView.swift in Sources */,
				27F2BE70278FB76D00A0F0A8 /* MainTabBarCoordinator.swift in Sources */,
				C1766053279A75900062D0CB /* FriendInfoViewModel.swift in Sources */,
				C1024146279DA7FB00B702DB /* ServerAPI.swift in Sources */,
				C102415C279EA2EB00B702DB /* Community.swift in Sources */,
				C118D2D927A77222009CB96C /* MakeChannelViewModel.swift in Sources */,
				C118D2CA27A6D70B009CB96C /* ServerInviteListViewModel.swift in Sources */,
				C1024158279E4B3B00B702DB /* ChannelView.swift in Sources */,
				C15A22C2279A33E00009095E /* FriendRequestViewController.swift in Sources */,
				C118D2BE27A6AE39009CB96C /* ServerSettingCoordinator.swift in Sources */,
				C1D47F0427795ED100DBA3CA /* HomeViewController.swift in Sources */,
				C102416F279FBF8D00B702DB /* AddServerCoordinator.swift in Sources */,
				C1D47F0E2779D66300DBA3CA /* MenuViewController.swift in Sources */,
				C1024167279F919400B702DB /* AddServerView.swift in Sources */,
				C118D2C427A6BA5D009CB96C /* ServerSettingHeaderCell.swift in Sources */,
				C1D47F3A2784749C00DBA3CA /* SignUpViewModel.swift in Sources */,
				2709162227916E6F00A0772D /* FriendRequestView.swift in Sources */,
				C1D47F52278B0F4900DBA3CA /* ChannalCell.swift in Sources */,
				2709161627912B3700A0772D /* FriendCoordinator.swift in Sources */,
				272189032782E9F000ABEF60 /* BaseAPI.swift in Sources */,
				C1786DFA27A2625600170D4F /* InviteServerViewModel.swift in Sources */,
				C118D2D727A77219009CB96C /* MakeChannelViewController.swift in Sources */,
				C1024172279FEA2100B702DB /* MakeServerViewController.swift in Sources */,
				2709162B2791804200A0772D /* Friend.swift in Sources */,
				C102414E279DADAE00B702DB /* ChannelSection.swift in Sources */,
			);
			runOnlyForDeploymentPostprocessing = 0;
		};
/* End PBXSourcesBuildPhase section */

/* Begin PBXVariantGroup section */
		C1D47ECD2779570200DBA3CA /* LaunchScreen.storyboard */ = {
			isa = PBXVariantGroup;
			children = (
				C1D47ECE2779570200DBA3CA /* Base */,
			);
			name = LaunchScreen.storyboard;
			sourceTree = "<group>";
		};
/* End PBXVariantGroup section */

/* Begin XCBuildConfiguration section */
		C1D47ED12779570200DBA3CA /* Debug */ = {
			isa = XCBuildConfiguration;
			buildSettings = {
				ALWAYS_SEARCH_USER_PATHS = NO;
				CLANG_ANALYZER_NONNULL = YES;
				CLANG_ANALYZER_NUMBER_OBJECT_CONVERSION = YES_AGGRESSIVE;
				CLANG_CXX_LANGUAGE_STANDARD = "gnu++14";
				CLANG_CXX_LIBRARY = "libc++";
				CLANG_ENABLE_MODULES = YES;
				CLANG_ENABLE_OBJC_ARC = YES;
				CLANG_ENABLE_OBJC_WEAK = YES;
				CLANG_WARN_BLOCK_CAPTURE_AUTORELEASING = YES;
				CLANG_WARN_BOOL_CONVERSION = YES;
				CLANG_WARN_COMMA = YES;
				CLANG_WARN_CONSTANT_CONVERSION = YES;
				CLANG_WARN_DEPRECATED_OBJC_IMPLEMENTATIONS = YES;
				CLANG_WARN_DIRECT_OBJC_ISA_USAGE = YES_ERROR;
				CLANG_WARN_DOCUMENTATION_COMMENTS = YES;
				CLANG_WARN_EMPTY_BODY = YES;
				CLANG_WARN_ENUM_CONVERSION = YES;
				CLANG_WARN_INFINITE_RECURSION = YES;
				CLANG_WARN_INT_CONVERSION = YES;
				CLANG_WARN_NON_LITERAL_NULL_CONVERSION = YES;
				CLANG_WARN_OBJC_IMPLICIT_RETAIN_SELF = YES;
				CLANG_WARN_OBJC_LITERAL_CONVERSION = YES;
				CLANG_WARN_OBJC_ROOT_CLASS = YES_ERROR;
				CLANG_WARN_QUOTED_INCLUDE_IN_FRAMEWORK_HEADER = YES;
				CLANG_WARN_RANGE_LOOP_ANALYSIS = YES;
				CLANG_WARN_STRICT_PROTOTYPES = YES;
				CLANG_WARN_SUSPICIOUS_MOVE = YES;
				CLANG_WARN_UNGUARDED_AVAILABILITY = YES_AGGRESSIVE;
				CLANG_WARN_UNREACHABLE_CODE = YES;
				CLANG_WARN__DUPLICATE_METHOD_MATCH = YES;
				COPY_PHASE_STRIP = NO;
				DEBUG_INFORMATION_FORMAT = dwarf;
				ENABLE_STRICT_OBJC_MSGSEND = YES;
				ENABLE_TESTABILITY = YES;
				GCC_C_LANGUAGE_STANDARD = gnu11;
				GCC_DYNAMIC_NO_PIC = NO;
				GCC_NO_COMMON_BLOCKS = YES;
				GCC_OPTIMIZATION_LEVEL = 0;
				GCC_PREPROCESSOR_DEFINITIONS = (
					"DEBUG=1",
					"$(inherited)",
				);
				GCC_WARN_64_TO_32_BIT_CONVERSION = YES;
				GCC_WARN_ABOUT_RETURN_TYPE = YES_ERROR;
				GCC_WARN_UNDECLARED_SELECTOR = YES;
				GCC_WARN_UNINITIALIZED_AUTOS = YES_AGGRESSIVE;
				GCC_WARN_UNUSED_FUNCTION = YES;
				GCC_WARN_UNUSED_VARIABLE = YES;
				IPHONEOS_DEPLOYMENT_TARGET = 14.5;
				MTL_ENABLE_DEBUG_INFO = INCLUDE_SOURCE;
				MTL_FAST_MATH = YES;
				ONLY_ACTIVE_ARCH = YES;
				SDKROOT = iphoneos;
				SWIFT_ACTIVE_COMPILATION_CONDITIONS = DEBUG;
				SWIFT_OPTIMIZATION_LEVEL = "-Onone";
			};
			name = Debug;
		};
		C1D47ED22779570200DBA3CA /* Release */ = {
			isa = XCBuildConfiguration;
			buildSettings = {
				ALWAYS_SEARCH_USER_PATHS = NO;
				CLANG_ANALYZER_NONNULL = YES;
				CLANG_ANALYZER_NUMBER_OBJECT_CONVERSION = YES_AGGRESSIVE;
				CLANG_CXX_LANGUAGE_STANDARD = "gnu++14";
				CLANG_CXX_LIBRARY = "libc++";
				CLANG_ENABLE_MODULES = YES;
				CLANG_ENABLE_OBJC_ARC = YES;
				CLANG_ENABLE_OBJC_WEAK = YES;
				CLANG_WARN_BLOCK_CAPTURE_AUTORELEASING = YES;
				CLANG_WARN_BOOL_CONVERSION = YES;
				CLANG_WARN_COMMA = YES;
				CLANG_WARN_CONSTANT_CONVERSION = YES;
				CLANG_WARN_DEPRECATED_OBJC_IMPLEMENTATIONS = YES;
				CLANG_WARN_DIRECT_OBJC_ISA_USAGE = YES_ERROR;
				CLANG_WARN_DOCUMENTATION_COMMENTS = YES;
				CLANG_WARN_EMPTY_BODY = YES;
				CLANG_WARN_ENUM_CONVERSION = YES;
				CLANG_WARN_INFINITE_RECURSION = YES;
				CLANG_WARN_INT_CONVERSION = YES;
				CLANG_WARN_NON_LITERAL_NULL_CONVERSION = YES;
				CLANG_WARN_OBJC_IMPLICIT_RETAIN_SELF = YES;
				CLANG_WARN_OBJC_LITERAL_CONVERSION = YES;
				CLANG_WARN_OBJC_ROOT_CLASS = YES_ERROR;
				CLANG_WARN_QUOTED_INCLUDE_IN_FRAMEWORK_HEADER = YES;
				CLANG_WARN_RANGE_LOOP_ANALYSIS = YES;
				CLANG_WARN_STRICT_PROTOTYPES = YES;
				CLANG_WARN_SUSPICIOUS_MOVE = YES;
				CLANG_WARN_UNGUARDED_AVAILABILITY = YES_AGGRESSIVE;
				CLANG_WARN_UNREACHABLE_CODE = YES;
				CLANG_WARN__DUPLICATE_METHOD_MATCH = YES;
				COPY_PHASE_STRIP = NO;
				DEBUG_INFORMATION_FORMAT = "dwarf-with-dsym";
				ENABLE_NS_ASSERTIONS = NO;
				ENABLE_STRICT_OBJC_MSGSEND = YES;
				GCC_C_LANGUAGE_STANDARD = gnu11;
				GCC_NO_COMMON_BLOCKS = YES;
				GCC_WARN_64_TO_32_BIT_CONVERSION = YES;
				GCC_WARN_ABOUT_RETURN_TYPE = YES_ERROR;
				GCC_WARN_UNDECLARED_SELECTOR = YES;
				GCC_WARN_UNINITIALIZED_AUTOS = YES_AGGRESSIVE;
				GCC_WARN_UNUSED_FUNCTION = YES;
				GCC_WARN_UNUSED_VARIABLE = YES;
				IPHONEOS_DEPLOYMENT_TARGET = 14.5;
				MTL_ENABLE_DEBUG_INFO = NO;
				MTL_FAST_MATH = YES;
				SDKROOT = iphoneos;
				SWIFT_COMPILATION_MODE = wholemodule;
				SWIFT_OPTIMIZATION_LEVEL = "-O";
				VALIDATE_PRODUCT = YES;
			};
			name = Release;
		};
		C1D47ED42779570200DBA3CA /* Debug */ = {
			isa = XCBuildConfiguration;
			baseConfigurationReference = C621E57B9EB3150F8810E412 /* Pods-smooth-ios.debug.xcconfig */;
			buildSettings = {
				ASSETCATALOG_COMPILER_APPICON_NAME = AppIcon;
				ASSETCATALOG_COMPILER_GLOBAL_ACCENT_COLOR_NAME = AccentColor;
				CODE_SIGN_STYLE = Automatic;
				DEVELOPMENT_TEAM = 9Y2YJ5DNS7;
				INFOPLIST_FILE = "smooth-ios/Commons/Info.plist";
				LD_RUNPATH_SEARCH_PATHS = (
					"$(inherited)",
					"@executable_path/Frameworks",
				);
				PRODUCT_BUNDLE_IDENTIFIER = "doitduri.smooth-ios";
				PRODUCT_NAME = "$(TARGET_NAME)";
				SWIFT_VERSION = 5.0;
				TARGETED_DEVICE_FAMILY = 1;
			};
			name = Debug;
		};
		C1D47ED52779570200DBA3CA /* Release */ = {
			isa = XCBuildConfiguration;
			baseConfigurationReference = 045D0D1A018DCBDCD55630C0 /* Pods-smooth-ios.release.xcconfig */;
			buildSettings = {
				ASSETCATALOG_COMPILER_APPICON_NAME = AppIcon;
				ASSETCATALOG_COMPILER_GLOBAL_ACCENT_COLOR_NAME = AccentColor;
				CODE_SIGN_STYLE = Automatic;
				DEVELOPMENT_TEAM = 9Y2YJ5DNS7;
				INFOPLIST_FILE = "smooth-ios/Commons/Info.plist";
				LD_RUNPATH_SEARCH_PATHS = (
					"$(inherited)",
					"@executable_path/Frameworks",
				);
				PRODUCT_BUNDLE_IDENTIFIER = "doitduri.smooth-ios";
				PRODUCT_NAME = "$(TARGET_NAME)";
				SWIFT_VERSION = 5.0;
				TARGETED_DEVICE_FAMILY = 1;
			};
			name = Release;
		};
/* End XCBuildConfiguration section */

/* Begin XCConfigurationList section */
		C1D47EBA2779570000DBA3CA /* Build configuration list for PBXProject "smooth-ios" */ = {
			isa = XCConfigurationList;
			buildConfigurations = (
				C1D47ED12779570200DBA3CA /* Debug */,
				C1D47ED22779570200DBA3CA /* Release */,
			);
			defaultConfigurationIsVisible = 0;
			defaultConfigurationName = Release;
		};
		C1D47ED32779570200DBA3CA /* Build configuration list for PBXNativeTarget "smooth-ios" */ = {
			isa = XCConfigurationList;
			buildConfigurations = (
				C1D47ED42779570200DBA3CA /* Debug */,
				C1D47ED52779570200DBA3CA /* Release */,
			);
			defaultConfigurationIsVisible = 0;
			defaultConfigurationName = Release;
		};
/* End XCConfigurationList section */
	};
	rootObject = C1D47EB72779570000DBA3CA /* Project object */;
}
